// !$*UTF8*$!
{
	archiveVersion = 1;
	classes = {
	};
	objectVersion = 77;
	objects = {

/* Begin PBXBuildFile section */
		00348FEF3F2D4E2F4E7E487B /* EbayPayout.swift in Sources */ = {isa = PBXBuildFile; fileRef = 49BEC4E6C384AF003FC2308F /* EbayPayout.swift */; };
		00949753B9E96D5C7EF05C84 /* BudgetCategory.swift in Sources */ = {isa = PBXBuildFile; fileRef = 9BEA30480C1E86191A7C17DD /* BudgetCategory.swift */; };
		024EECE03B7ABCC86E94A6B0 /* ColorThresholds.swift in Sources */ = {isa = PBXBuildFile; fileRef = 483034A4379587D3D92B9DE4 /* ColorThresholds.swift */; };
		029AE44AD93EBF75B62C8C35 /* RuleLearner.swift in Sources */ = {isa = PBXBuildFile; fileRef = 65A3B7896DEB2A0E6AEC65D1 /* RuleLearner.swift */; };
		0537EF4F932DE86594C442EB /* SideHustleViewModel.swift in Sources */ = {isa = PBXBuildFile; fileRef = FCD6B758F2362390F24A5AFA /* SideHustleViewModel.swift */; };
		065A9B89951A115018041784 /* ColumnMappingView.swift in Sources */ = {isa = PBXBuildFile; fileRef = 094A531E2A0D314BB48D3607 /* ColumnMappingView.swift */; };
		0753534F76448F6943A73BC8 /* DashboardView.swift in Sources */ = {isa = PBXBuildFile; fileRef = C441C5CCF6F0938AECC87B47 /* DashboardView.swift */; };
		07BC4F0B3F780F21D69DF85A /* IncomeTabView.swift in Sources */ = {isa = PBXBuildFile; fileRef = 1521572F89E1B5D486DC7BF1 /* IncomeTabView.swift */; };
		0A095A6B4194BDCF8CEAF4DD /* ImportedFile.swift in Sources */ = {isa = PBXBuildFile; fileRef = 8FED0DAD6261A3BAC47906F7 /* ImportedFile.swift */; };
		0D43ABEC5941DA199A8F790B /* PageWithChatBar.swift in Sources */ = {isa = PBXBuildFile; fileRef = 28149C9503586624C972BE13 /* PageWithChatBar.swift */; };
		0E3939ACEE27A6819193EB45 /* DateHelpers.swift in Sources */ = {isa = PBXBuildFile; fileRef = D9C7E858423BCB8EA18EE19F /* DateHelpers.swift */; };
		114D7CF5D117C12CEB4B4501 /* SyncEngine.swift in Sources */ = {isa = PBXBuildFile; fileRef = 450EE9D75CEFA6800800FD74 /* SyncEngine.swift */; };
		13369180CD61F33242CF5415 /* ClaudeAPIService.swift in Sources */ = {isa = PBXBuildFile; fileRef = 44DAFFB65E1B8DC4234A95DD /* ClaudeAPIService.swift */; };
		1511A43F32236EEADA8EADBA /* TransactionsViewModel.swift in Sources */ = {isa = PBXBuildFile; fileRef = 6CB5F4483BD61BDCE9951D67 /* TransactionsViewModel.swift */; };
		1559FF1C636EA3AAC30272FA /* ImportedFile.swift in Sources */ = {isa = PBXBuildFile; fileRef = 8FED0DAD6261A3BAC47906F7 /* ImportedFile.swift */; };
		15ABFEB9D1067E29AF0852C0 /* SideHustleListView.swift in Sources */ = {isa = PBXBuildFile; fileRef = 671D29FBB688425439694C7F /* SideHustleListView.swift */; };
		16E3BF316E1EBAC92DA52138 /* IncomeSource.swift in Sources */ = {isa = PBXBuildFile; fileRef = EA01A86FF1D3853480318444 /* IncomeSource.swift */; };
		16FE38E554721BC1827122DA /* SideHustleTabView.swift in Sources */ = {isa = PBXBuildFile; fileRef = D32F6ADCC30DC204875E233A /* SideHustleTabView.swift */; };
		181D3116E25D0816E0D61FD0 /* BudgetTrackingApp.swift in Sources */ = {isa = PBXBuildFile; fileRef = A789E73759CED466B7C73C35 /* BudgetTrackingApp.swift */; };
		194D70AEF83FC3EF9565EF5B /* PlaidAccount.swift in Sources */ = {isa = PBXBuildFile; fileRef = B1696C502543F706641B8B67 /* PlaidAccount.swift */; };
		19FAEFFEB54263F1577BB916 /* CategorizationEngine.swift in Sources */ = {isa = PBXBuildFile; fileRef = FE0B30CCE20155199B5F3641 /* CategorizationEngine.swift */; };
		1A383ED322BCD4A92BCD1358 /* QIFParser.swift in Sources */ = {isa = PBXBuildFile; fileRef = FBD04A6FF6BEF85B534BDDB5 /* QIFParser.swift */; };
		1A4CEBB1AFF84714C07AEDA4 /* SideHustleListView.swift in Sources */ = {isa = PBXBuildFile; fileRef = 671D29FBB688425439694C7F /* SideHustleListView.swift */; };
		1A955C87D32C714F12BC9237 /* CategoryBudgetBar.swift in Sources */ = {isa = PBXBuildFile; fileRef = D71603A8E67893664EA891E2 /* CategoryBudgetBar.swift */; };
		1B8CCA73D9E3831BB1EB5B0D /* PlaidUpdateBanner.swift in Sources */ = {isa = PBXBuildFile; fileRef = 39458BD03D87744C0464548D /* PlaidUpdateBanner.swift */; };
		1C536B9A9FBAC5B6EEDB408C /* DatabaseManager.swift in Sources */ = {isa = PBXBuildFile; fileRef = 500C712221C092D00861F3F1 /* DatabaseManager.swift */; };
		1DD3F21331505A4C1BA464A3 /* AIChatBar.swift in Sources */ = {isa = PBXBuildFile; fileRef = 6B7C1025D2E67B345EF401F4 /* AIChatBar.swift */; };
		1DF63C07F0BBB5278863766C /* LANSyncProtocol.swift in Sources */ = {isa = PBXBuildFile; fileRef = 2CCE676CAB667CD64540FCB0 /* LANSyncProtocol.swift */; };
		1FC009FAE63AD3A8AD09A393 /* BudgetInsight.swift in Sources */ = {isa = PBXBuildFile; fileRef = CE4F27922798141DF89B8AE6 /* BudgetInsight.swift */; };
		1FFA73C71FDD64B7C994F4A6 /* SideHustleDetailView.swift in Sources */ = {isa = PBXBuildFile; fileRef = 3514E7A7650D04504D7EF4DA /* SideHustleDetailView.swift */; };
		2052F7B2DE5212B3AA247133 /* PlaidConsentView.swift in Sources */ = {isa = PBXBuildFile; fileRef = 927D8DC7F8205C22399386AD /* PlaidConsentView.swift */; };
		20AE2902FC34169022100E38 /* CategorizationRule.swift in Sources */ = {isa = PBXBuildFile; fileRef = 371D0746A64876D4E554C092 /* CategorizationRule.swift */; };
		21EE1C948FB25E41AFA9438B /* CategoriesSettingsView.swift in Sources */ = {isa = PBXBuildFile; fileRef = 0B31672CB6E8D5972F666753 /* CategoriesSettingsView.swift */; };
		2262254EC1D204794A7FAE5B /* CategorizationEngine.swift in Sources */ = {isa = PBXBuildFile; fileRef = FE0B30CCE20155199B5F3641 /* CategorizationEngine.swift */; };
		272104B2FC3606FBEFCC7A82 /* CategoryBudgetBar.swift in Sources */ = {isa = PBXBuildFile; fileRef = D71603A8E67893664EA891E2 /* CategoryBudgetBar.swift */; };
		2783E3AC4A9F39ABA5855E30 /* GRDB in Frameworks */ = {isa = PBXBuildFile; productRef = E430C4065658B5FAD3D065B9 /* GRDB */; };
		28EE3833CBDB15B9E25FC938 /* BudgetGenerationConfigSheet.swift in Sources */ = {isa = PBXBuildFile; fileRef = C32E291AFC07CA3748B3093C /* BudgetGenerationConfigSheet.swift */; };
		29B5D16A7E33BABA6C98DEFA /* DashboardViewModel.swift in Sources */ = {isa = PBXBuildFile; fileRef = 69A036733184969414358E31 /* DashboardViewModel.swift */; };
		2B70053E1B6A89926C5B35B3 /* MonthlySnapshot.swift in Sources */ = {isa = PBXBuildFile; fileRef = 7619A21E784D3733842F06AB /* MonthlySnapshot.swift */; };
		2E0AA0E7463717B068972F27 /* ClaudeAPIService.swift in Sources */ = {isa = PBXBuildFile; fileRef = 44DAFFB65E1B8DC4234A95DD /* ClaudeAPIService.swift */; };
		302B2FA20C29666A24341A51 /* PDFParser.swift in Sources */ = {isa = PBXBuildFile; fileRef = F11DFF79231E859813B37A16 /* PDFParser.swift */; };
		312CE90253221F347623EB60 /* InsightsViewModel.swift in Sources */ = {isa = PBXBuildFile; fileRef = 99563DFA1DEEC8CD84301DD2 /* InsightsViewModel.swift */; };
		31B61674E829E73409C0C28B /* RuleLearner.swift in Sources */ = {isa = PBXBuildFile; fileRef = 65A3B7896DEB2A0E6AEC65D1 /* RuleLearner.swift */; };
		3416DA40F0A4FD1E0D4CF2F1 /* DatabaseManager+Ebay.swift in Sources */ = {isa = PBXBuildFile; fileRef = 214F47BAB2196C5F3A3D0684 /* DatabaseManager+Ebay.swift */; };
		343F0AD0E9FB54508B44F1BC /* StatementParser.swift in Sources */ = {isa = PBXBuildFile; fileRef = 5FEE41143CE4140161D4EE80 /* StatementParser.swift */; };
		34B5F561DA5DF8F30DA3B425 /* LANSyncEngine.swift in Sources */ = {isa = PBXBuildFile; fileRef = 1BA7808B805B4F38D7302BAE /* LANSyncEngine.swift */; };
		3678DBB86AF5CFEF2EBB4ACC /* AIChatAction.swift in Sources */ = {isa = PBXBuildFile; fileRef = CEB7909A9F088E78203DFFCD /* AIChatAction.swift */; };
		38868D3284FBE8E7AD1936C2 /* CodableCSV in Frameworks */ = {isa = PBXBuildFile; productRef = 3CD1F44A4AAFAC831F122B28 /* CodableCSV */; };
		3AEC6D3F44B7DDA635B77A79 /* OFXParser.swift in Sources */ = {isa = PBXBuildFile; fileRef = E1A01F52CACF433AE1C260BB /* OFXParser.swift */; };
		3D1E697E6F5CE883F48D8E06 /* IncomeTabView.swift in Sources */ = {isa = PBXBuildFile; fileRef = 1521572F89E1B5D486DC7BF1 /* IncomeTabView.swift */; };
		3EE6379BB1A9D11E93FF1EB1 /* EmploymentIncomeView.swift in Sources */ = {isa = PBXBuildFile; fileRef = 7360488F2F2069D1F7F77921 /* EmploymentIncomeView.swift */; };
		41643D132183D94952D9F567 /* SyncSettingsView.swift in Sources */ = {isa = PBXBuildFile; fileRef = AF8B2276D082738262AAE1E6 /* SyncSettingsView.swift */; };
		44E0D1D3EAA3B8D5328112DA /* PlaidSyncManager.swift in Sources */ = {isa = PBXBuildFile; fileRef = 690D8EABCC7787A3941782DA /* PlaidSyncManager.swift */; };
		456277934CE23476350B660C /* InsightsView.swift in Sources */ = {isa = PBXBuildFile; fileRef = CD0F57784E60C0D2712927E7 /* InsightsView.swift */; };
		4742100F03DDBA597B4E1E44 /* CategoriesSettingsView.swift in Sources */ = {isa = PBXBuildFile; fileRef = 0B31672CB6E8D5972F666753 /* CategoriesSettingsView.swift */; };
		47E83AFDDC688690B3A39179 /* IncomeSource.swift in Sources */ = {isa = PBXBuildFile; fileRef = EA01A86FF1D3853480318444 /* IncomeSource.swift */; };
		499AF6E0D703784C6A49966A /* InsightsView.swift in Sources */ = {isa = PBXBuildFile; fileRef = CD0F57784E60C0D2712927E7 /* InsightsView.swift */; };
		4B30F82DE40144FB42FA385C /* EbayEarningsView.swift in Sources */ = {isa = PBXBuildFile; fileRef = 7E95B4A446E484C32A02CE61 /* EbayEarningsView.swift */; };
		4B65D18E316BD2F56ED01E1A /* BudgetTrackingTests.swift in Sources */ = {isa = PBXBuildFile; fileRef = 20DF0EA465BF47A908DCDB65 /* BudgetTrackingTests.swift */; };
		4CC415891CBC38D85083E32F /* HistoryView.swift in Sources */ = {isa = PBXBuildFile; fileRef = 0822C2937DCC5ED599DAD1B9 /* HistoryView.swift */; };
		4CD3A385959BEAD8DF93895E /* AddSourcingTransactionSheet.swift in Sources */ = {isa = PBXBuildFile; fileRef = 655A15FC4D8506017DB0D393 /* AddSourcingTransactionSheet.swift */; };
		4D8B02F05E5A562078C9C534 /* OverallBudgetBar.swift in Sources */ = {isa = PBXBuildFile; fileRef = AC763A3C4CF46175AE1AC828 /* OverallBudgetBar.swift */; };
		50BE1A5CDEB602D2550629B4 /* EbayOrder.swift in Sources */ = {isa = PBXBuildFile; fileRef = B0A492ECA271140AFAF4CED8 /* EbayOrder.swift */; };
		512FFF288B12EF51E36DBB8A /* HistoryViewModel.swift in Sources */ = {isa = PBXBuildFile; fileRef = 850E4467CF4D66BED7921C21 /* HistoryViewModel.swift */; };
		53AB810ADCF87933DBF2CE4C /* BankSource.swift in Sources */ = {isa = PBXBuildFile; fileRef = 040FF16290A04B1268873359 /* BankSource.swift */; };
		53DE32AAB74E25F098BD7A3A /* AIChatResponseView.swift in Sources */ = {isa = PBXBuildFile; fileRef = 9CED4B6F9C35AB112B90B992 /* AIChatResponseView.swift */; };
		53DECB0E6C2BCF9EAE143560 /* HistoryViewModel.swift in Sources */ = {isa = PBXBuildFile; fileRef = 850E4467CF4D66BED7921C21 /* HistoryViewModel.swift */; };
		56906CD6035CE89C4BB01267 /* InsightsEngine.swift in Sources */ = {isa = PBXBuildFile; fileRef = 6ABB74337E8DADE534BC987F /* InsightsEngine.swift */; };
		56DF614788284C67BA173774 /* PlaidLinkView.swift in Sources */ = {isa = PBXBuildFile; fileRef = C24FED2F412BC62E08524620 /* PlaidLinkView.swift */; };
		578E34AA65E5FD5F944BD4AD /* LANSyncStateStore.swift in Sources */ = {isa = PBXBuildFile; fileRef = 50183D2237253558FB109BCF /* LANSyncStateStore.swift */; };
		58A27C64DE70A47C20F22C5C /* SideHustleBannerView.swift in Sources */ = {isa = PBXBuildFile; fileRef = 24C3E1D0ED5B78446EAA1608 /* SideHustleBannerView.swift */; };
		596A328B4BB87742D8F03E10 /* EbaySourcingTransaction.swift in Sources */ = {isa = PBXBuildFile; fileRef = F3606ED458F1590D93A0A660 /* EbaySourcingTransaction.swift */; };
		5AE8A4DFF22758A12FABE02D /* AddSourcingTransactionSheet.swift in Sources */ = {isa = PBXBuildFile; fileRef = 655A15FC4D8506017DB0D393 /* AddSourcingTransactionSheet.swift */; };
		5B4AFCE461C368F83062E6E5 /* EbayPayout.swift in Sources */ = {isa = PBXBuildFile; fileRef = 49BEC4E6C384AF003FC2308F /* EbayPayout.swift */; };
		5B742A26BC5E3008E32B3499 /* EbaySourcingTransaction.swift in Sources */ = {isa = PBXBuildFile; fileRef = F3606ED458F1590D93A0A660 /* EbaySourcingTransaction.swift */; };
		5C43296D7E7843641834B7D2 /* ParsePreviewView.swift in Sources */ = {isa = PBXBuildFile; fileRef = 6C223CDC9EF1CB212EB74994 /* ParsePreviewView.swift */; };
		5F6FA71768D8583151739DB3 /* BudgetInsight.swift in Sources */ = {isa = PBXBuildFile; fileRef = CE4F27922798141DF89B8AE6 /* BudgetInsight.swift */; };
		6288FC30C05B0F0D344B0761 /* SyncEngine.swift in Sources */ = {isa = PBXBuildFile; fileRef = 450EE9D75CEFA6800800FD74 /* SyncEngine.swift */; };
		6454D4C0667072CE832194E3 /* IncomeView.swift in Sources */ = {isa = PBXBuildFile; fileRef = 25C9165CC6CD0F19498E66FA /* IncomeView.swift */; };
		656E1D6CB0F429CE44949ECC /* TransactionsListView.swift in Sources */ = {isa = PBXBuildFile; fileRef = E057CC4BC6FDC268C283743D /* TransactionsListView.swift */; };
		6C19B95887F6F11213BE84BA /* EbayFee.swift in Sources */ = {isa = PBXBuildFile; fileRef = 7F0A4D4CF27E36301EC7A040 /* EbayFee.swift */; };
		6CF20EB97ED1456F95501C36 /* LinkKit in Frameworks */ = {isa = PBXBuildFile; productRef = 28BD24F9B6D1D2BF4AA1AD7D /* LinkKit */; };
		6E0566C5CCCA9B3BF45F3C79 /* DatabaseManager+Ebay.swift in Sources */ = {isa = PBXBuildFile; fileRef = 214F47BAB2196C5F3A3D0684 /* DatabaseManager+Ebay.swift */; };
		6E43B473C9B859F833DD3903 /* AIChatBar.swift in Sources */ = {isa = PBXBuildFile; fileRef = 6B7C1025D2E67B345EF401F4 /* AIChatBar.swift */; };
		6FB1CC56DA9F81D74E2EF69E /* ColorThresholds.swift in Sources */ = {isa = PBXBuildFile; fileRef = 483034A4379587D3D92B9DE4 /* ColorThresholds.swift */; };
		71414C7F4B6DC0EFDA2E9634 /* BankProfile.swift in Sources */ = {isa = PBXBuildFile; fileRef = 526F8721F1A64F0D88D2C518 /* BankProfile.swift */; };
		746A38C0937480FFC4DF3BAB /* EbayEarningsView.swift in Sources */ = {isa = PBXBuildFile; fileRef = 7E95B4A446E484C32A02CE61 /* EbayEarningsView.swift */; };
		74AA6D546426CF8564F34E3D /* ShareManager.swift in Sources */ = {isa = PBXBuildFile; fileRef = 60C7C8113ED1B9E2730EAAEA /* ShareManager.swift */; };
		76B066C8FDE03F3F385CFA57 /* EbayAuthManager.swift in Sources */ = {isa = PBXBuildFile; fileRef = 078CA30B073B997BB4E2E011 /* EbayAuthManager.swift */; };
		78E7D7DA935ACBAEED1C469A /* QIFParser.swift in Sources */ = {isa = PBXBuildFile; fileRef = FBD04A6FF6BEF85B534BDDB5 /* QIFParser.swift */; };
		78EF18856F7D9F0257AF4283 /* ParsePreviewView.swift in Sources */ = {isa = PBXBuildFile; fileRef = 6C223CDC9EF1CB212EB74994 /* ParsePreviewView.swift */; };
		7A580A066A36B2FB74E0918C /* SyncConstants.swift in Sources */ = {isa = PBXBuildFile; fileRef = 1C4DB933183AAE503F2BDA58 /* SyncConstants.swift */; };
		80BA8C5E3EAC450420E2C567 /* CSVParser.swift in Sources */ = {isa = PBXBuildFile; fileRef = D01542F21F15F5E6C42F6502 /* CSVParser.swift */; };
		80DD77AD025D9F280ED2781E /* SyncConstants.swift in Sources */ = {isa = PBXBuildFile; fileRef = 1C4DB933183AAE503F2BDA58 /* SyncConstants.swift */; };
		8199F3339D2A279A5B7FC9F1 /* IncomeViewModel.swift in Sources */ = {isa = PBXBuildFile; fileRef = 9A45A6F8375DF9333888ACE9 /* IncomeViewModel.swift */; };
		82C5DEB0ABE1AA45D2DF8766 /* EbayOrder.swift in Sources */ = {isa = PBXBuildFile; fileRef = B0A492ECA271140AFAF4CED8 /* EbayOrder.swift */; };
		8CA06AC4E72AE5EC76BB23B8 /* DatabaseManager.swift in Sources */ = {isa = PBXBuildFile; fileRef = 500C712221C092D00861F3F1 /* DatabaseManager.swift */; };
		8D62D571E3AAB5C7C52B7708 /* LANSyncProtocol.swift in Sources */ = {isa = PBXBuildFile; fileRef = 2CCE676CAB667CD64540FCB0 /* LANSyncProtocol.swift */; };
		8FA6F796425C232692814152 /* EbayAuthManager.swift in Sources */ = {isa = PBXBuildFile; fileRef = 078CA30B073B997BB4E2E011 /* EbayAuthManager.swift */; };
		902FBFE9D6BEB8617F5329B3 /* SettingsView.swift in Sources */ = {isa = PBXBuildFile; fileRef = CDACD8F8DF659FDD26EF7120 /* SettingsView.swift */; };
		911EBF67095502AE2A1B187B /* GRDB in Frameworks */ = {isa = PBXBuildFile; productRef = B1DB69D28DCA99819C197986 /* GRDB */; };
		92837EAB0E1395EFDDCE49E8 /* SideHustleDetailView.swift in Sources */ = {isa = PBXBuildFile; fileRef = 3514E7A7650D04504D7EF4DA /* SideHustleDetailView.swift */; };
		944FDAE37193D6B845B53EF8 /* ShareManager.swift in Sources */ = {isa = PBXBuildFile; fileRef = 60C7C8113ED1B9E2730EAAEA /* ShareManager.swift */; };
		94A5A04BEECF42B2B47C0C0B /* RecordConverter.swift in Sources */ = {isa = PBXBuildFile; fileRef = D003AE1329BA1C9FCD924629 /* RecordConverter.swift */; };
		965E9E5942714F42D181EFC2 /* InsightCardView.swift in Sources */ = {isa = PBXBuildFile; fileRef = 207075BF019B0C8B0CF062E9 /* InsightCardView.swift */; };
		975CAB7903971BC772DD9F63 /* CoreXLSX in Frameworks */ = {isa = PBXBuildFile; productRef = C55AFD4D6FAF2DF78710AD63 /* CoreXLSX */; };
		984906D51D68D73D5F0ACA58 /* SideHustleViewModel.swift in Sources */ = {isa = PBXBuildFile; fileRef = FCD6B758F2362390F24A5AFA /* SideHustleViewModel.swift */; };
		998061B1237DAA40AD15C308 /* PlaidUpdateBanner.swift in Sources */ = {isa = PBXBuildFile; fileRef = 39458BD03D87744C0464548D /* PlaidUpdateBanner.swift */; };
		99A5D6DCC2D05CCA973B201C /* DatabaseManager+Plaid.swift in Sources */ = {isa = PBXBuildFile; fileRef = A4798FC56D298C578396267F /* DatabaseManager+Plaid.swift */; };
		9B88872EB416F58730BECA4A /* InsightCardView.swift in Sources */ = {isa = PBXBuildFile; fileRef = 207075BF019B0C8B0CF062E9 /* InsightCardView.swift */; };
		9BD172E7DDAB17C444AA1A3F /* RecordConverter.swift in Sources */ = {isa = PBXBuildFile; fileRef = D003AE1329BA1C9FCD924629 /* RecordConverter.swift */; };
		9E5B026BFA80B5B95CBBEF1A /* TransactionsListView.swift in Sources */ = {isa = PBXBuildFile; fileRef = E057CC4BC6FDC268C283743D /* TransactionsListView.swift */; };
		9F77EE778B823FD219A4063C /* CoreXLSX in Frameworks */ = {isa = PBXBuildFile; productRef = 779760DD9455D96F14310A93 /* CoreXLSX */; };
		A0A7102F9EF100480EA3BEE0 /* SettingsView.swift in Sources */ = {isa = PBXBuildFile; fileRef = CDACD8F8DF659FDD26EF7120 /* SettingsView.swift */; };
		A1795BED0494373F2A9BCE7B /* COGSEditorView.swift in Sources */ = {isa = PBXBuildFile; fileRef = F6ABE1557E9F882FFFF72047 /* COGSEditorView.swift */; };
		A250FAA6AA91909BBB3491C0 /* EbayFee.swift in Sources */ = {isa = PBXBuildFile; fileRef = 7F0A4D4CF27E36301EC7A040 /* EbayFee.swift */; };
		A7CBE7B8CBDC734BFC9194A1 /* Assets.xcassets in Resources */ = {isa = PBXBuildFile; fileRef = 4C9F057F7944FB5FCD82A062 /* Assets.xcassets */; };
		A90200F70880D90638893DB9 /* MonthlySnapshot.swift in Sources */ = {isa = PBXBuildFile; fileRef = 7619A21E784D3733842F06AB /* MonthlySnapshot.swift */; };
		A99390672F51AD8AAAB0F260 /* LANSyncEngine.swift in Sources */ = {isa = PBXBuildFile; fileRef = 1BA7808B805B4F38D7302BAE /* LANSyncEngine.swift */; };
		AA953FDFC1D12F336EB2EE0D /* EbayEarningsViewModel.swift in Sources */ = {isa = PBXBuildFile; fileRef = 37D794553C3B7A2870527C9C /* EbayEarningsViewModel.swift */; };
		AAB0D77A318B158439549FAD /* ImportViewModel.swift in Sources */ = {isa = PBXBuildFile; fileRef = 814237725B108CA6C713DE5B /* ImportViewModel.swift */; };
		AACB93502D4BAF244306DF66 /* SourcingCategoriesSheet.swift in Sources */ = {isa = PBXBuildFile; fileRef = 09BB0EE92769FEA84AC17552 /* SourcingCategoriesSheet.swift */; };
		AC2FC88E1A32DBB071A21160 /* PlaidService.swift in Sources */ = {isa = PBXBuildFile; fileRef = 471195F22DD6A3121E90FA12 /* PlaidService.swift */; };
		AC843B3052010881EE9F4555 /* BankSource.swift in Sources */ = {isa = PBXBuildFile; fileRef = 040FF16290A04B1268873359 /* BankSource.swift */; };
		AC9DEFC24754618C7AD10C3D /* ChaseCSVParsingTests.swift in Sources */ = {isa = PBXBuildFile; fileRef = 59EF97C6FF89940BA0975677 /* ChaseCSVParsingTests.swift */; };
		ACB2FE6DD3AD75F0E535C0A9 /* SyncSettingsView.swift in Sources */ = {isa = PBXBuildFile; fileRef = AF8B2276D082738262AAE1E6 /* SyncSettingsView.swift */; };
		AE0CACE551805C1D7D01B362 /* PlaidLinkView.swift in Sources */ = {isa = PBXBuildFile; fileRef = C24FED2F412BC62E08524620 /* PlaidLinkView.swift */; };
		AF9F5D8A9ACC984DAF9EF2E2 /* BudgetCategory.swift in Sources */ = {isa = PBXBuildFile; fileRef = 9BEA30480C1E86191A7C17DD /* BudgetCategory.swift */; };
		B4134BDCB6643E80D7072320 /* CurrencyFormatter.swift in Sources */ = {isa = PBXBuildFile; fileRef = 13ADAAEEDA6767ED5825AFB5 /* CurrencyFormatter.swift */; };
		B50381A1372095880CBFC715 /* OFXParser.swift in Sources */ = {isa = PBXBuildFile; fileRef = E1A01F52CACF433AE1C260BB /* OFXParser.swift */; };
		B75DC8F25AEE23D9B103D613 /* COGSEditorView.swift in Sources */ = {isa = PBXBuildFile; fileRef = F6ABE1557E9F882FFFF72047 /* COGSEditorView.swift */; };
		B89F9371722F0FCC7B904D40 /* PlaidAccount.swift in Sources */ = {isa = PBXBuildFile; fileRef = B1696C502543F706641B8B67 /* PlaidAccount.swift */; };
		B9C411FEC25252B94B5D6463 /* EbayAPIService.swift in Sources */ = {isa = PBXBuildFile; fileRef = 2F5BD0514DFCEDE5098BF5D3 /* EbayAPIService.swift */; };
		BA7D387AFE15FFCBAFD209D7 /* LANSyncStateStore.swift in Sources */ = {isa = PBXBuildFile; fileRef = 50183D2237253558FB109BCF /* LANSyncStateStore.swift */; };
		BC2B265AC0576CB39E5D6D69 /* IncomeViewModel.swift in Sources */ = {isa = PBXBuildFile; fileRef = 9A45A6F8375DF9333888ACE9 /* IncomeViewModel.swift */; };
		BC63EA54D93D3ACD9B197092 /* SyncStateStore.swift in Sources */ = {isa = PBXBuildFile; fileRef = 47794CD4CE264DCABF650F6F /* SyncStateStore.swift */; };
		BC8F079867C56C9EA5DB9E83 /* BankProfile.swift in Sources */ = {isa = PBXBuildFile; fileRef = 526F8721F1A64F0D88D2C518 /* BankProfile.swift */; };
		BCD801CD70883317A41748C3 /* DashboardViewModel.swift in Sources */ = {isa = PBXBuildFile; fileRef = 69A036733184969414358E31 /* DashboardViewModel.swift */; };
		C313D96517FED3F0274A363B /* CSVParser.swift in Sources */ = {isa = PBXBuildFile; fileRef = D01542F21F15F5E6C42F6502 /* CSVParser.swift */; };
		C344302C539ED66CC5915F73 /* StatementParser.swift in Sources */ = {isa = PBXBuildFile; fileRef = 5FEE41143CE4140161D4EE80 /* StatementParser.swift */; };
		C441BA01BB4D8FFC709E7B2D /* SideHustleBannerView.swift in Sources */ = {isa = PBXBuildFile; fileRef = 24C3E1D0ED5B78446EAA1608 /* SideHustleBannerView.swift */; };
		C6797B86584D712551F603C8 /* TransactionsViewModel.swift in Sources */ = {isa = PBXBuildFile; fileRef = 6CB5F4483BD61BDCE9951D67 /* TransactionsViewModel.swift */; };
		C78825698FF367F2006F7595 /* CodableCSV in Frameworks */ = {isa = PBXBuildFile; productRef = DD869BDA975681D696B702FC /* CodableCSV */; };
		C7A822CD572432A69BF057BA /* SourceCategoryMapper.swift in Sources */ = {isa = PBXBuildFile; fileRef = 1CA78E2AB21723326275631B /* SourceCategoryMapper.swift */; };
		C877E5C5F34AC7349C7085CC /* Transaction.swift in Sources */ = {isa = PBXBuildFile; fileRef = 8DE43370741368E79590623F /* Transaction.swift */; };
		C94186A645D7A1E496FF99AA /* HistoryView.swift in Sources */ = {isa = PBXBuildFile; fileRef = 0822C2937DCC5ED599DAD1B9 /* HistoryView.swift */; };
		CA40CF383B5F059CCA7A90BF /* EbayCostOfGoods.swift in Sources */ = {isa = PBXBuildFile; fileRef = FFBB5969A6E90269E0E983B6 /* EbayCostOfGoods.swift */; };
		CA548684785642DD4902FEA3 /* DateHelpers.swift in Sources */ = {isa = PBXBuildFile; fileRef = D9C7E858423BCB8EA18EE19F /* DateHelpers.swift */; };
		CA61EB551A1F15186E50F4D6 /* CategoriesViewModel.swift in Sources */ = {isa = PBXBuildFile; fileRef = B1F8FA4860B574D29B070358 /* CategoriesViewModel.swift */; };
		CC124447E511FE71F01E6836 /* XLSXParser.swift in Sources */ = {isa = PBXBuildFile; fileRef = 75259CAB67C26E053906C004 /* XLSXParser.swift */; };
		CC2887DC361193375756E47A /* ColumnMapper.swift in Sources */ = {isa = PBXBuildFile; fileRef = 36204743D3191FAC9750A1EF /* ColumnMapper.swift */; };
		D00F9EF69575ABE78788B4CF /* PlaidLinkNativeView.swift in Sources */ = {isa = PBXBuildFile; fileRef = C51D6D65076A36BA3B83198F /* PlaidLinkNativeView.swift */; };
		D1F4ECC3AD1B0068F26DF027 /* ContentView.swift in Sources */ = {isa = PBXBuildFile; fileRef = 307BCBEDFB636BDB931C5D56 /* ContentView.swift */; };
		D271214CBA02242D39C1858A /* EbayAPIService.swift in Sources */ = {isa = PBXBuildFile; fileRef = 2F5BD0514DFCEDE5098BF5D3 /* EbayAPIService.swift */; };
		D33EBA4DFD2DC226997C4FC1 /* Assets.xcassets in Resources */ = {isa = PBXBuildFile; fileRef = 4C9F057F7944FB5FCD82A062 /* Assets.xcassets */; };
		D3B7601F67FB4CA699F1AC32 /* XLSXParser.swift in Sources */ = {isa = PBXBuildFile; fileRef = 75259CAB67C26E053906C004 /* XLSXParser.swift */; };
		D3C509DBC43307381F8393FE /* ConflictResolver.swift in Sources */ = {isa = PBXBuildFile; fileRef = 32F647A3AD0CF01EECA79DAE /* ConflictResolver.swift */; };
		D3EF3082BB548E7585F49415 /* PlaidSyncManager.swift in Sources */ = {isa = PBXBuildFile; fileRef = 690D8EABCC7787A3941782DA /* PlaidSyncManager.swift */; };
		D4E214D58039CE78B3BED402 /* DashboardView.swift in Sources */ = {isa = PBXBuildFile; fileRef = C441C5CCF6F0938AECC87B47 /* DashboardView.swift */; };
		D5157BE466BDA9F7C08B9CEA /* SourcingCategoriesSheet.swift in Sources */ = {isa = PBXBuildFile; fileRef = 09BB0EE92769FEA84AC17552 /* SourcingCategoriesSheet.swift */; };
		D536868D86AE19A1AB1F9400 /* CategoryEditorView.swift in Sources */ = {isa = PBXBuildFile; fileRef = EA86F8F7A4922668F97DE78D /* CategoryEditorView.swift */; };
		D5BF1D360876B3CB47857782 /* ColumnMapper.swift in Sources */ = {isa = PBXBuildFile; fileRef = 36204743D3191FAC9750A1EF /* ColumnMapper.swift */; };
		D7008F01D23AE7B946581A0B /* SourceCategoryMapper.swift in Sources */ = {isa = PBXBuildFile; fileRef = 1CA78E2AB21723326275631B /* SourceCategoryMapper.swift */; };
		D8D8C67951908DB67031EF63 /* CategoriesViewModel.swift in Sources */ = {isa = PBXBuildFile; fileRef = B1F8FA4860B574D29B070358 /* CategoriesViewModel.swift */; };
		DA5D3A20909D5EC7658E2C3F /* ImportViewModel.swift in Sources */ = {isa = PBXBuildFile; fileRef = 814237725B108CA6C713DE5B /* ImportViewModel.swift */; };
		DA8B4F231582A859EDDC9776 /* EbayCostOfGoods.swift in Sources */ = {isa = PBXBuildFile; fileRef = FFBB5969A6E90269E0E983B6 /* EbayCostOfGoods.swift */; };
		DB3A7F6B3082AC272EED9459 /* Transaction.swift in Sources */ = {isa = PBXBuildFile; fileRef = 8DE43370741368E79590623F /* Transaction.swift */; };
		DB6896C55F6286E95A606730 /* ColumnMappingView.swift in Sources */ = {isa = PBXBuildFile; fileRef = 094A531E2A0D314BB48D3607 /* ColumnMappingView.swift */; };
		DBA41401FE97452A03932280 /* ContentView.swift in Sources */ = {isa = PBXBuildFile; fileRef = 307BCBEDFB636BDB931C5D56 /* ContentView.swift */; };
		DF168A103E0FB8679B34F4B0 /* MonthDetector.swift in Sources */ = {isa = PBXBuildFile; fileRef = 2296F730746DD13BF04875B5 /* MonthDetector.swift */; };
		DF5E85723C46685BEDAF4BA0 /* IncomeView.swift in Sources */ = {isa = PBXBuildFile; fileRef = 25C9165CC6CD0F19498E66FA /* IncomeView.swift */; };
		DF6F13ADC1542E44A8D937FA /* PageWithChatBar.swift in Sources */ = {isa = PBXBuildFile; fileRef = 28149C9503586624C972BE13 /* PageWithChatBar.swift */; };
		E0CEB5468DA58916BB7030D9 /* CurrencyFormatter.swift in Sources */ = {isa = PBXBuildFile; fileRef = 13ADAAEEDA6767ED5825AFB5 /* CurrencyFormatter.swift */; };
		E10477AFCE861B1B8C043435 /* PlaidService.swift in Sources */ = {isa = PBXBuildFile; fileRef = 471195F22DD6A3121E90FA12 /* PlaidService.swift */; };
		E11793438FF54F0290B68ECD /* BudgetGenerationConfigSheet.swift in Sources */ = {isa = PBXBuildFile; fileRef = C32E291AFC07CA3748B3093C /* BudgetGenerationConfigSheet.swift */; };
		E16C4772EDA4363E23E9BF2C /* AIChatAction.swift in Sources */ = {isa = PBXBuildFile; fileRef = CEB7909A9F088E78203DFFCD /* AIChatAction.swift */; };
		E53470827328467C88573F4C /* CategorizationRule.swift in Sources */ = {isa = PBXBuildFile; fileRef = 371D0746A64876D4E554C092 /* CategorizationRule.swift */; };
		E6D708D14B960CFB3793275A /* PDFParser.swift in Sources */ = {isa = PBXBuildFile; fileRef = F11DFF79231E859813B37A16 /* PDFParser.swift */; };
		E8A3702B42005E8CE7A068AB /* InsightsEngine.swift in Sources */ = {isa = PBXBuildFile; fileRef = 6ABB74337E8DADE534BC987F /* InsightsEngine.swift */; };
		E908E65F2C578DDCE5DAE568 /* PlaidLinkNativeView.swift in Sources */ = {isa = PBXBuildFile; fileRef = C51D6D65076A36BA3B83198F /* PlaidLinkNativeView.swift */; };
		E9D527003A69E368F9FEE4EB /* DatabaseManager+Plaid.swift in Sources */ = {isa = PBXBuildFile; fileRef = A4798FC56D298C578396267F /* DatabaseManager+Plaid.swift */; };
		EBABA1F1CDEED5F64A632E83 /* EmploymentIncomeView.swift in Sources */ = {isa = PBXBuildFile; fileRef = 7360488F2F2069D1F7F77921 /* EmploymentIncomeView.swift */; };
		EBD41F568FFFED4327A3D20B /* ImportView.swift in Sources */ = {isa = PBXBuildFile; fileRef = EA1511E4B898F9C603AC8FA7 /* ImportView.swift */; };
		EC3EEAA146801B8DDC992AB8 /* CategoryEditorView.swift in Sources */ = {isa = PBXBuildFile; fileRef = EA86F8F7A4922668F97DE78D /* CategoryEditorView.swift */; };
		EC596870F33145D6BAB8BCE0 /* OverallBudgetBar.swift in Sources */ = {isa = PBXBuildFile; fileRef = AC763A3C4CF46175AE1AC828 /* OverallBudgetBar.swift */; };
		EC80E2DF1D3F334069C8EE2E /* BudgetTrackingApp.swift in Sources */ = {isa = PBXBuildFile; fileRef = A789E73759CED466B7C73C35 /* BudgetTrackingApp.swift */; };
		EE0A1D4B68064B53DEF4244E /* SyncStateStore.swift in Sources */ = {isa = PBXBuildFile; fileRef = 47794CD4CE264DCABF650F6F /* SyncStateStore.swift */; };
		F01C0DCF7C33D7A318BE8F07 /* SideHustleTabView.swift in Sources */ = {isa = PBXBuildFile; fileRef = D32F6ADCC30DC204875E233A /* SideHustleTabView.swift */; };
		F1E746C9970C092EFD2C848F /* ImportView.swift in Sources */ = {isa = PBXBuildFile; fileRef = EA1511E4B898F9C603AC8FA7 /* ImportView.swift */; };
		F6E8F45BE6EA541B8BD6792C /* EbayEarningsViewModel.swift in Sources */ = {isa = PBXBuildFile; fileRef = 37D794553C3B7A2870527C9C /* EbayEarningsViewModel.swift */; };
		F968FE301D4F86E6CC980674 /* InsightsViewModel.swift in Sources */ = {isa = PBXBuildFile; fileRef = 99563DFA1DEEC8CD84301DD2 /* InsightsViewModel.swift */; };
		FA5F402E1B4B2021A6D74689 /* PlaidConsentView.swift in Sources */ = {isa = PBXBuildFile; fileRef = 927D8DC7F8205C22399386AD /* PlaidConsentView.swift */; };
		FA8FDBA894FAC75052AE1232 /* ConflictResolver.swift in Sources */ = {isa = PBXBuildFile; fileRef = 32F647A3AD0CF01EECA79DAE /* ConflictResolver.swift */; };
		FB3DBC0CE257574DD434A391 /* MonthDetector.swift in Sources */ = {isa = PBXBuildFile; fileRef = 2296F730746DD13BF04875B5 /* MonthDetector.swift */; };
		FDC5CB7DA74FE273EEA66C7E /* AIChatResponseView.swift in Sources */ = {isa = PBXBuildFile; fileRef = 9CED4B6F9C35AB112B90B992 /* AIChatResponseView.swift */; };
/* End PBXBuildFile section */

/* Begin PBXContainerItemProxy section */
		B8C57CE27AD2A1E8163A6729 /* PBXContainerItemProxy */ = {
			isa = PBXContainerItemProxy;
			containerPortal = 0773E8AC4BD841796A02C49B /* Project object */;
			proxyType = 1;
			remoteGlobalIDString = C440523054A59E092B6E6505;
			remoteInfo = BudgetTracking;
		};
/* End PBXContainerItemProxy section */

/* Begin PBXFileReference section */
		040FF16290A04B1268873359 /* BankSource.swift */ = {isa = PBXFileReference; lastKnownFileType = sourcecode.swift; path = BankSource.swift; sourceTree = "<group>"; };
		078CA30B073B997BB4E2E011 /* EbayAuthManager.swift */ = {isa = PBXFileReference; lastKnownFileType = sourcecode.swift; path = EbayAuthManager.swift; sourceTree = "<group>"; };
		0822C2937DCC5ED599DAD1B9 /* HistoryView.swift */ = {isa = PBXFileReference; lastKnownFileType = sourcecode.swift; path = HistoryView.swift; sourceTree = "<group>"; };
		094A531E2A0D314BB48D3607 /* ColumnMappingView.swift */ = {isa = PBXFileReference; lastKnownFileType = sourcecode.swift; path = ColumnMappingView.swift; sourceTree = "<group>"; };
		09BB0EE92769FEA84AC17552 /* SourcingCategoriesSheet.swift */ = {isa = PBXFileReference; lastKnownFileType = sourcecode.swift; path = SourcingCategoriesSheet.swift; sourceTree = "<group>"; };
		0B31672CB6E8D5972F666753 /* CategoriesSettingsView.swift */ = {isa = PBXFileReference; lastKnownFileType = sourcecode.swift; path = CategoriesSettingsView.swift; sourceTree = "<group>"; };
		10C54DA96FF7472D61E1A3FC /* BudgetTracking.app */ = {isa = PBXFileReference; explicitFileType = wrapper.application; includeInIndex = 0; path = BudgetTracking.app; sourceTree = BUILT_PRODUCTS_DIR; };
		13ADAAEEDA6767ED5825AFB5 /* CurrencyFormatter.swift */ = {isa = PBXFileReference; lastKnownFileType = sourcecode.swift; path = CurrencyFormatter.swift; sourceTree = "<group>"; };
		1521572F89E1B5D486DC7BF1 /* IncomeTabView.swift */ = {isa = PBXFileReference; lastKnownFileType = sourcecode.swift; path = IncomeTabView.swift; sourceTree = "<group>"; };
		1BA7808B805B4F38D7302BAE /* LANSyncEngine.swift */ = {isa = PBXFileReference; lastKnownFileType = sourcecode.swift; path = LANSyncEngine.swift; sourceTree = "<group>"; };
		1C4DB933183AAE503F2BDA58 /* SyncConstants.swift */ = {isa = PBXFileReference; lastKnownFileType = sourcecode.swift; path = SyncConstants.swift; sourceTree = "<group>"; };
		1CA78E2AB21723326275631B /* SourceCategoryMapper.swift */ = {isa = PBXFileReference; lastKnownFileType = sourcecode.swift; path = SourceCategoryMapper.swift; sourceTree = "<group>"; };
		207075BF019B0C8B0CF062E9 /* InsightCardView.swift */ = {isa = PBXFileReference; lastKnownFileType = sourcecode.swift; path = InsightCardView.swift; sourceTree = "<group>"; };
		20DF0EA465BF47A908DCDB65 /* BudgetTrackingTests.swift */ = {isa = PBXFileReference; lastKnownFileType = sourcecode.swift; path = BudgetTrackingTests.swift; sourceTree = "<group>"; };
		214F47BAB2196C5F3A3D0684 /* DatabaseManager+Ebay.swift */ = {isa = PBXFileReference; lastKnownFileType = sourcecode.swift; path = "DatabaseManager+Ebay.swift"; sourceTree = "<group>"; };
		2296F730746DD13BF04875B5 /* MonthDetector.swift */ = {isa = PBXFileReference; lastKnownFileType = sourcecode.swift; path = MonthDetector.swift; sourceTree = "<group>"; };
		24C3E1D0ED5B78446EAA1608 /* SideHustleBannerView.swift */ = {isa = PBXFileReference; lastKnownFileType = sourcecode.swift; path = SideHustleBannerView.swift; sourceTree = "<group>"; };
		25C9165CC6CD0F19498E66FA /* IncomeView.swift */ = {isa = PBXFileReference; lastKnownFileType = sourcecode.swift; path = IncomeView.swift; sourceTree = "<group>"; };
		28149C9503586624C972BE13 /* PageWithChatBar.swift */ = {isa = PBXFileReference; lastKnownFileType = sourcecode.swift; path = PageWithChatBar.swift; sourceTree = "<group>"; };
		2CCE676CAB667CD64540FCB0 /* LANSyncProtocol.swift */ = {isa = PBXFileReference; lastKnownFileType = sourcecode.swift; path = LANSyncProtocol.swift; sourceTree = "<group>"; };
		2EA5704FFF7AD5AD8EC2F41B /* BudgetTracking-iOS.app */ = {isa = PBXFileReference; includeInIndex = 0; lastKnownFileType = wrapper.application; path = "BudgetTracking-iOS.app"; sourceTree = BUILT_PRODUCTS_DIR; };
		2F5BD0514DFCEDE5098BF5D3 /* EbayAPIService.swift */ = {isa = PBXFileReference; lastKnownFileType = sourcecode.swift; path = EbayAPIService.swift; sourceTree = "<group>"; };
		307BCBEDFB636BDB931C5D56 /* ContentView.swift */ = {isa = PBXFileReference; lastKnownFileType = sourcecode.swift; path = ContentView.swift; sourceTree = "<group>"; };
		32F647A3AD0CF01EECA79DAE /* ConflictResolver.swift */ = {isa = PBXFileReference; lastKnownFileType = sourcecode.swift; path = ConflictResolver.swift; sourceTree = "<group>"; };
		3514E7A7650D04504D7EF4DA /* SideHustleDetailView.swift */ = {isa = PBXFileReference; lastKnownFileType = sourcecode.swift; path = SideHustleDetailView.swift; sourceTree = "<group>"; };
		36204743D3191FAC9750A1EF /* ColumnMapper.swift */ = {isa = PBXFileReference; lastKnownFileType = sourcecode.swift; path = ColumnMapper.swift; sourceTree = "<group>"; };
		371D0746A64876D4E554C092 /* CategorizationRule.swift */ = {isa = PBXFileReference; lastKnownFileType = sourcecode.swift; path = CategorizationRule.swift; sourceTree = "<group>"; };
		37D794553C3B7A2870527C9C /* EbayEarningsViewModel.swift */ = {isa = PBXFileReference; lastKnownFileType = sourcecode.swift; path = EbayEarningsViewModel.swift; sourceTree = "<group>"; };
		39458BD03D87744C0464548D /* PlaidUpdateBanner.swift */ = {isa = PBXFileReference; lastKnownFileType = sourcecode.swift; path = PlaidUpdateBanner.swift; sourceTree = "<group>"; };
		44DAFFB65E1B8DC4234A95DD /* ClaudeAPIService.swift */ = {isa = PBXFileReference; lastKnownFileType = sourcecode.swift; path = ClaudeAPIService.swift; sourceTree = "<group>"; };
		450EE9D75CEFA6800800FD74 /* SyncEngine.swift */ = {isa = PBXFileReference; lastKnownFileType = sourcecode.swift; path = SyncEngine.swift; sourceTree = "<group>"; };
		46BBD54B27602B78383814BC /* BudgetTrackingTests.xctest */ = {isa = PBXFileReference; explicitFileType = wrapper.cfbundle; includeInIndex = 0; path = BudgetTrackingTests.xctest; sourceTree = BUILT_PRODUCTS_DIR; };
		471195F22DD6A3121E90FA12 /* PlaidService.swift */ = {isa = PBXFileReference; lastKnownFileType = sourcecode.swift; path = PlaidService.swift; sourceTree = "<group>"; };
		47794CD4CE264DCABF650F6F /* SyncStateStore.swift */ = {isa = PBXFileReference; lastKnownFileType = sourcecode.swift; path = SyncStateStore.swift; sourceTree = "<group>"; };
		483034A4379587D3D92B9DE4 /* ColorThresholds.swift */ = {isa = PBXFileReference; lastKnownFileType = sourcecode.swift; path = ColorThresholds.swift; sourceTree = "<group>"; };
		49BEC4E6C384AF003FC2308F /* EbayPayout.swift */ = {isa = PBXFileReference; lastKnownFileType = sourcecode.swift; path = EbayPayout.swift; sourceTree = "<group>"; };
		4C9F057F7944FB5FCD82A062 /* Assets.xcassets */ = {isa = PBXFileReference; lastKnownFileType = folder.assetcatalog; path = Assets.xcassets; sourceTree = "<group>"; };
		500C712221C092D00861F3F1 /* DatabaseManager.swift */ = {isa = PBXFileReference; lastKnownFileType = sourcecode.swift; path = DatabaseManager.swift; sourceTree = "<group>"; };
		50183D2237253558FB109BCF /* LANSyncStateStore.swift */ = {isa = PBXFileReference; lastKnownFileType = sourcecode.swift; path = LANSyncStateStore.swift; sourceTree = "<group>"; };
		526F8721F1A64F0D88D2C518 /* BankProfile.swift */ = {isa = PBXFileReference; lastKnownFileType = sourcecode.swift; path = BankProfile.swift; sourceTree = "<group>"; };
		59EF97C6FF89940BA0975677 /* ChaseCSVParsingTests.swift */ = {isa = PBXFileReference; lastKnownFileType = sourcecode.swift; path = ChaseCSVParsingTests.swift; sourceTree = "<group>"; };
		5FEE41143CE4140161D4EE80 /* StatementParser.swift */ = {isa = PBXFileReference; lastKnownFileType = sourcecode.swift; path = StatementParser.swift; sourceTree = "<group>"; };
		60C7C8113ED1B9E2730EAAEA /* ShareManager.swift */ = {isa = PBXFileReference; lastKnownFileType = sourcecode.swift; path = ShareManager.swift; sourceTree = "<group>"; };
		655A15FC4D8506017DB0D393 /* AddSourcingTransactionSheet.swift */ = {isa = PBXFileReference; lastKnownFileType = sourcecode.swift; path = AddSourcingTransactionSheet.swift; sourceTree = "<group>"; };
		65A3B7896DEB2A0E6AEC65D1 /* RuleLearner.swift */ = {isa = PBXFileReference; lastKnownFileType = sourcecode.swift; path = RuleLearner.swift; sourceTree = "<group>"; };
		671D29FBB688425439694C7F /* SideHustleListView.swift */ = {isa = PBXFileReference; lastKnownFileType = sourcecode.swift; path = SideHustleListView.swift; sourceTree = "<group>"; };
		690D8EABCC7787A3941782DA /* PlaidSyncManager.swift */ = {isa = PBXFileReference; lastKnownFileType = sourcecode.swift; path = PlaidSyncManager.swift; sourceTree = "<group>"; };
		69A036733184969414358E31 /* DashboardViewModel.swift */ = {isa = PBXFileReference; lastKnownFileType = sourcecode.swift; path = DashboardViewModel.swift; sourceTree = "<group>"; };
		6ABB74337E8DADE534BC987F /* InsightsEngine.swift */ = {isa = PBXFileReference; lastKnownFileType = sourcecode.swift; path = InsightsEngine.swift; sourceTree = "<group>"; };
		6B7C1025D2E67B345EF401F4 /* AIChatBar.swift */ = {isa = PBXFileReference; lastKnownFileType = sourcecode.swift; path = AIChatBar.swift; sourceTree = "<group>"; };
		6C223CDC9EF1CB212EB74994 /* ParsePreviewView.swift */ = {isa = PBXFileReference; lastKnownFileType = sourcecode.swift; path = ParsePreviewView.swift; sourceTree = "<group>"; };
		6CB5F4483BD61BDCE9951D67 /* TransactionsViewModel.swift */ = {isa = PBXFileReference; lastKnownFileType = sourcecode.swift; path = TransactionsViewModel.swift; sourceTree = "<group>"; };
		7360488F2F2069D1F7F77921 /* EmploymentIncomeView.swift */ = {isa = PBXFileReference; lastKnownFileType = sourcecode.swift; path = EmploymentIncomeView.swift; sourceTree = "<group>"; };
		75259CAB67C26E053906C004 /* XLSXParser.swift */ = {isa = PBXFileReference; lastKnownFileType = sourcecode.swift; path = XLSXParser.swift; sourceTree = "<group>"; };
		7619A21E784D3733842F06AB /* MonthlySnapshot.swift */ = {isa = PBXFileReference; lastKnownFileType = sourcecode.swift; path = MonthlySnapshot.swift; sourceTree = "<group>"; };
		7E95B4A446E484C32A02CE61 /* EbayEarningsView.swift */ = {isa = PBXFileReference; lastKnownFileType = sourcecode.swift; path = EbayEarningsView.swift; sourceTree = "<group>"; };
		7F0A4D4CF27E36301EC7A040 /* EbayFee.swift */ = {isa = PBXFileReference; lastKnownFileType = sourcecode.swift; path = EbayFee.swift; sourceTree = "<group>"; };
		814237725B108CA6C713DE5B /* ImportViewModel.swift */ = {isa = PBXFileReference; lastKnownFileType = sourcecode.swift; path = ImportViewModel.swift; sourceTree = "<group>"; };
		850E4467CF4D66BED7921C21 /* HistoryViewModel.swift */ = {isa = PBXFileReference; lastKnownFileType = sourcecode.swift; path = HistoryViewModel.swift; sourceTree = "<group>"; };
		8DE43370741368E79590623F /* Transaction.swift */ = {isa = PBXFileReference; lastKnownFileType = sourcecode.swift; path = Transaction.swift; sourceTree = "<group>"; };
		8FED0DAD6261A3BAC47906F7 /* ImportedFile.swift */ = {isa = PBXFileReference; lastKnownFileType = sourcecode.swift; path = ImportedFile.swift; sourceTree = "<group>"; };
		927D8DC7F8205C22399386AD /* PlaidConsentView.swift */ = {isa = PBXFileReference; lastKnownFileType = sourcecode.swift; path = PlaidConsentView.swift; sourceTree = "<group>"; };
		99563DFA1DEEC8CD84301DD2 /* InsightsViewModel.swift */ = {isa = PBXFileReference; lastKnownFileType = sourcecode.swift; path = InsightsViewModel.swift; sourceTree = "<group>"; };
		9A45A6F8375DF9333888ACE9 /* IncomeViewModel.swift */ = {isa = PBXFileReference; lastKnownFileType = sourcecode.swift; path = IncomeViewModel.swift; sourceTree = "<group>"; };
		9BEA30480C1E86191A7C17DD /* BudgetCategory.swift */ = {isa = PBXFileReference; lastKnownFileType = sourcecode.swift; path = BudgetCategory.swift; sourceTree = "<group>"; };
		9CED4B6F9C35AB112B90B992 /* AIChatResponseView.swift */ = {isa = PBXFileReference; lastKnownFileType = sourcecode.swift; path = AIChatResponseView.swift; sourceTree = "<group>"; };
		A4798FC56D298C578396267F /* DatabaseManager+Plaid.swift */ = {isa = PBXFileReference; lastKnownFileType = sourcecode.swift; path = "DatabaseManager+Plaid.swift"; sourceTree = "<group>"; };
		A789E73759CED466B7C73C35 /* BudgetTrackingApp.swift */ = {isa = PBXFileReference; lastKnownFileType = sourcecode.swift; path = BudgetTrackingApp.swift; sourceTree = "<group>"; };
		AC763A3C4CF46175AE1AC828 /* OverallBudgetBar.swift */ = {isa = PBXFileReference; lastKnownFileType = sourcecode.swift; path = OverallBudgetBar.swift; sourceTree = "<group>"; };
		AF8B2276D082738262AAE1E6 /* SyncSettingsView.swift */ = {isa = PBXFileReference; lastKnownFileType = sourcecode.swift; path = SyncSettingsView.swift; sourceTree = "<group>"; };
		B0A492ECA271140AFAF4CED8 /* EbayOrder.swift */ = {isa = PBXFileReference; lastKnownFileType = sourcecode.swift; path = EbayOrder.swift; sourceTree = "<group>"; };
		B1696C502543F706641B8B67 /* PlaidAccount.swift */ = {isa = PBXFileReference; lastKnownFileType = sourcecode.swift; path = PlaidAccount.swift; sourceTree = "<group>"; };
		B1F8FA4860B574D29B070358 /* CategoriesViewModel.swift */ = {isa = PBXFileReference; lastKnownFileType = sourcecode.swift; path = CategoriesViewModel.swift; sourceTree = "<group>"; };
		C24FED2F412BC62E08524620 /* PlaidLinkView.swift */ = {isa = PBXFileReference; lastKnownFileType = sourcecode.swift; path = PlaidLinkView.swift; sourceTree = "<group>"; };
		C32E291AFC07CA3748B3093C /* BudgetGenerationConfigSheet.swift */ = {isa = PBXFileReference; lastKnownFileType = sourcecode.swift; path = BudgetGenerationConfigSheet.swift; sourceTree = "<group>"; };
		C441C5CCF6F0938AECC87B47 /* DashboardView.swift */ = {isa = PBXFileReference; lastKnownFileType = sourcecode.swift; path = DashboardView.swift; sourceTree = "<group>"; };
		C51D6D65076A36BA3B83198F /* PlaidLinkNativeView.swift */ = {isa = PBXFileReference; lastKnownFileType = sourcecode.swift; path = PlaidLinkNativeView.swift; sourceTree = "<group>"; };
		CD0F57784E60C0D2712927E7 /* InsightsView.swift */ = {isa = PBXFileReference; lastKnownFileType = sourcecode.swift; path = InsightsView.swift; sourceTree = "<group>"; };
		CDACD8F8DF659FDD26EF7120 /* SettingsView.swift */ = {isa = PBXFileReference; lastKnownFileType = sourcecode.swift; path = SettingsView.swift; sourceTree = "<group>"; };
		CE4F27922798141DF89B8AE6 /* BudgetInsight.swift */ = {isa = PBXFileReference; lastKnownFileType = sourcecode.swift; path = BudgetInsight.swift; sourceTree = "<group>"; };
		CEB7909A9F088E78203DFFCD /* AIChatAction.swift */ = {isa = PBXFileReference; lastKnownFileType = sourcecode.swift; path = AIChatAction.swift; sourceTree = "<group>"; };
		D003AE1329BA1C9FCD924629 /* RecordConverter.swift */ = {isa = PBXFileReference; lastKnownFileType = sourcecode.swift; path = RecordConverter.swift; sourceTree = "<group>"; };
		D01542F21F15F5E6C42F6502 /* CSVParser.swift */ = {isa = PBXFileReference; lastKnownFileType = sourcecode.swift; path = CSVParser.swift; sourceTree = "<group>"; };
		D32F6ADCC30DC204875E233A /* SideHustleTabView.swift */ = {isa = PBXFileReference; lastKnownFileType = sourcecode.swift; path = SideHustleTabView.swift; sourceTree = "<group>"; };
		D71603A8E67893664EA891E2 /* CategoryBudgetBar.swift */ = {isa = PBXFileReference; lastKnownFileType = sourcecode.swift; path = CategoryBudgetBar.swift; sourceTree = "<group>"; };
		D9C7E858423BCB8EA18EE19F /* DateHelpers.swift */ = {isa = PBXFileReference; lastKnownFileType = sourcecode.swift; path = DateHelpers.swift; sourceTree = "<group>"; };
		E057CC4BC6FDC268C283743D /* TransactionsListView.swift */ = {isa = PBXFileReference; lastKnownFileType = sourcecode.swift; path = TransactionsListView.swift; sourceTree = "<group>"; };
		E1A01F52CACF433AE1C260BB /* OFXParser.swift */ = {isa = PBXFileReference; lastKnownFileType = sourcecode.swift; path = OFXParser.swift; sourceTree = "<group>"; };
		E90B9AD6A8B1C57D3EC57F09 /* Info.plist */ = {isa = PBXFileReference; lastKnownFileType = text.plist; path = Info.plist; sourceTree = "<group>"; };
		EA01A86FF1D3853480318444 /* IncomeSource.swift */ = {isa = PBXFileReference; lastKnownFileType = sourcecode.swift; path = IncomeSource.swift; sourceTree = "<group>"; };
		EA1511E4B898F9C603AC8FA7 /* ImportView.swift */ = {isa = PBXFileReference; lastKnownFileType = sourcecode.swift; path = ImportView.swift; sourceTree = "<group>"; };
		EA86F8F7A4922668F97DE78D /* CategoryEditorView.swift */ = {isa = PBXFileReference; lastKnownFileType = sourcecode.swift; path = CategoryEditorView.swift; sourceTree = "<group>"; };
		F11DFF79231E859813B37A16 /* PDFParser.swift */ = {isa = PBXFileReference; lastKnownFileType = sourcecode.swift; path = PDFParser.swift; sourceTree = "<group>"; };
		F3606ED458F1590D93A0A660 /* EbaySourcingTransaction.swift */ = {isa = PBXFileReference; lastKnownFileType = sourcecode.swift; path = EbaySourcingTransaction.swift; sourceTree = "<group>"; };
		F6ABE1557E9F882FFFF72047 /* COGSEditorView.swift */ = {isa = PBXFileReference; lastKnownFileType = sourcecode.swift; path = COGSEditorView.swift; sourceTree = "<group>"; };
		FBD04A6FF6BEF85B534BDDB5 /* QIFParser.swift */ = {isa = PBXFileReference; lastKnownFileType = sourcecode.swift; path = QIFParser.swift; sourceTree = "<group>"; };
		FCD6B758F2362390F24A5AFA /* SideHustleViewModel.swift */ = {isa = PBXFileReference; lastKnownFileType = sourcecode.swift; path = SideHustleViewModel.swift; sourceTree = "<group>"; };
		FE0B30CCE20155199B5F3641 /* CategorizationEngine.swift */ = {isa = PBXFileReference; lastKnownFileType = sourcecode.swift; path = CategorizationEngine.swift; sourceTree = "<group>"; };
		FFBB5969A6E90269E0E983B6 /* EbayCostOfGoods.swift */ = {isa = PBXFileReference; lastKnownFileType = sourcecode.swift; path = EbayCostOfGoods.swift; sourceTree = "<group>"; };
/* End PBXFileReference section */

/* Begin PBXFrameworksBuildPhase section */
		E4B522EC86AD7BE8725C34EB /* Frameworks */ = {
			isa = PBXFrameworksBuildPhase;
			buildActionMask = 2147483647;
			files = (
				2783E3AC4A9F39ABA5855E30 /* GRDB in Frameworks */,
				9F77EE778B823FD219A4063C /* CoreXLSX in Frameworks */,
				38868D3284FBE8E7AD1936C2 /* CodableCSV in Frameworks */,
				6CF20EB97ED1456F95501C36 /* LinkKit in Frameworks */,
			);
			runOnlyForDeploymentPostprocessing = 0;
		};
		FE55D480B1EA988A60CAC12A /* Frameworks */ = {
			isa = PBXFrameworksBuildPhase;
			buildActionMask = 2147483647;
			files = (
				911EBF67095502AE2A1B187B /* GRDB in Frameworks */,
				975CAB7903971BC772DD9F63 /* CoreXLSX in Frameworks */,
				C78825698FF367F2006F7595 /* CodableCSV in Frameworks */,
			);
			runOnlyForDeploymentPostprocessing = 0;
		};
/* End PBXFrameworksBuildPhase section */

/* Begin PBXGroup section */
		0178EC38A4796ACCE44A4CD0 /* Database */ = {
			isa = PBXGroup;
			children = (
				500C712221C092D00861F3F1 /* DatabaseManager.swift */,
				214F47BAB2196C5F3A3D0684 /* DatabaseManager+Ebay.swift */,
				A4798FC56D298C578396267F /* DatabaseManager+Plaid.swift */,
			);
			path = Database;
			sourceTree = "<group>";
		};
		0FB274FC3C5B1261C4A2EB07 /* AI */ = {
			isa = PBXGroup;
			children = (
				CEB7909A9F088E78203DFFCD /* AIChatAction.swift */,
				6B7C1025D2E67B345EF401F4 /* AIChatBar.swift */,
				9CED4B6F9C35AB112B90B992 /* AIChatResponseView.swift */,
				C32E291AFC07CA3748B3093C /* BudgetGenerationConfigSheet.swift */,
				28149C9503586624C972BE13 /* PageWithChatBar.swift */,
			);
			path = AI;
			sourceTree = "<group>";
		};
		16069F73CB364B8677A15226 /* ViewModels */ = {
			isa = PBXGroup;
			children = (
				B1F8FA4860B574D29B070358 /* CategoriesViewModel.swift */,
				69A036733184969414358E31 /* DashboardViewModel.swift */,
				37D794553C3B7A2870527C9C /* EbayEarningsViewModel.swift */,
				850E4467CF4D66BED7921C21 /* HistoryViewModel.swift */,
				814237725B108CA6C713DE5B /* ImportViewModel.swift */,
				9A45A6F8375DF9333888ACE9 /* IncomeViewModel.swift */,
				99563DFA1DEEC8CD84301DD2 /* InsightsViewModel.swift */,
				FCD6B758F2362390F24A5AFA /* SideHustleViewModel.swift */,
				6CB5F4483BD61BDCE9951D67 /* TransactionsViewModel.swift */,
			);
			path = ViewModels;
			sourceTree = "<group>";
		};
		204DB649345B45CD1FCEA2A5 = {
			isa = PBXGroup;
			children = (
				9983E59C0C02407AAF9DE856 /* BudgetTracking */,
				AA28EEEA91018666CDB959F7 /* BudgetTrackingTests */,
				6B9E56EA8B00DC307F31E55D /* Products */,
			);
			sourceTree = "<group>";
		};
		3610C10C9998240EAB5F53EA /* Services */ = {
			isa = PBXGroup;
			children = (
				44DAFFB65E1B8DC4234A95DD /* ClaudeAPIService.swift */,
				2F5BD0514DFCEDE5098BF5D3 /* EbayAPIService.swift */,
				078CA30B073B997BB4E2E011 /* EbayAuthManager.swift */,
				6ABB74337E8DADE534BC987F /* InsightsEngine.swift */,
				471195F22DD6A3121E90FA12 /* PlaidService.swift */,
				690D8EABCC7787A3941782DA /* PlaidSyncManager.swift */,
			);
			path = Services;
			sourceTree = "<group>";
		};
		4EA5871B604458E79C57FD75 /* Ebay */ = {
			isa = PBXGroup;
			children = (
				655A15FC4D8506017DB0D393 /* AddSourcingTransactionSheet.swift */,
				F6ABE1557E9F882FFFF72047 /* COGSEditorView.swift */,
				7E95B4A446E484C32A02CE61 /* EbayEarningsView.swift */,
				09BB0EE92769FEA84AC17552 /* SourcingCategoriesSheet.swift */,
			);
			path = Ebay;
			sourceTree = "<group>";
		};
		50FFDC941B04DD627C9F4F11 /* Dashboard */ = {
			isa = PBXGroup;
			children = (
				D71603A8E67893664EA891E2 /* CategoryBudgetBar.swift */,
				C441C5CCF6F0938AECC87B47 /* DashboardView.swift */,
				AC763A3C4CF46175AE1AC828 /* OverallBudgetBar.swift */,
			);
			path = Dashboard;
			sourceTree = "<group>";
		};
		531E9A222B7921810E3F81A5 /* Insights */ = {
			isa = PBXGroup;
			children = (
				207075BF019B0C8B0CF062E9 /* InsightCardView.swift */,
				CD0F57784E60C0D2712927E7 /* InsightsView.swift */,
			);
			path = Insights;
			sourceTree = "<group>";
		};
		53459F2D5177FC85BEA66A1F /* Income */ = {
			isa = PBXGroup;
			children = (
				7360488F2F2069D1F7F77921 /* EmploymentIncomeView.swift */,
				1521572F89E1B5D486DC7BF1 /* IncomeTabView.swift */,
				25C9165CC6CD0F19498E66FA /* IncomeView.swift */,
				24C3E1D0ED5B78446EAA1608 /* SideHustleBannerView.swift */,
				3514E7A7650D04504D7EF4DA /* SideHustleDetailView.swift */,
				671D29FBB688425439694C7F /* SideHustleListView.swift */,
				D32F6ADCC30DC204875E233A /* SideHustleTabView.swift */,
			);
			path = Income;
			sourceTree = "<group>";
		};
		6B9E56EA8B00DC307F31E55D /* Products */ = {
			isa = PBXGroup;
			children = (
				2EA5704FFF7AD5AD8EC2F41B /* BudgetTracking-iOS.app */,
				10C54DA96FF7472D61E1A3FC /* BudgetTracking.app */,
				46BBD54B27602B78383814BC /* BudgetTrackingTests.xctest */,
			);
			name = Products;
			sourceTree = "<group>";
		};
		6D6CC1085EA6F7479DA64F5D /* Settings */ = {
			isa = PBXGroup;
			children = (
				C51D6D65076A36BA3B83198F /* PlaidLinkNativeView.swift */,
				C24FED2F412BC62E08524620 /* PlaidLinkView.swift */,
				CDACD8F8DF659FDD26EF7120 /* SettingsView.swift */,
				AF8B2276D082738262AAE1E6 /* SyncSettingsView.swift */,
			);
			path = Settings;
			sourceTree = "<group>";
		};
		6E3ED7D1737E604EE89141DD /* Import */ = {
			isa = PBXGroup;
			children = (
				094A531E2A0D314BB48D3607 /* ColumnMappingView.swift */,
				EA1511E4B898F9C603AC8FA7 /* ImportView.swift */,
				6C223CDC9EF1CB212EB74994 /* ParsePreviewView.swift */,
			);
			path = Import;
			sourceTree = "<group>";
		};
		7786A8392DB1F4F2BC71DA99 /* Models */ = {
			isa = PBXGroup;
			children = (
				526F8721F1A64F0D88D2C518 /* BankProfile.swift */,
				040FF16290A04B1268873359 /* BankSource.swift */,
				9BEA30480C1E86191A7C17DD /* BudgetCategory.swift */,
				CE4F27922798141DF89B8AE6 /* BudgetInsight.swift */,
				371D0746A64876D4E554C092 /* CategorizationRule.swift */,
				FFBB5969A6E90269E0E983B6 /* EbayCostOfGoods.swift */,
				7F0A4D4CF27E36301EC7A040 /* EbayFee.swift */,
				B0A492ECA271140AFAF4CED8 /* EbayOrder.swift */,
				49BEC4E6C384AF003FC2308F /* EbayPayout.swift */,
				F3606ED458F1590D93A0A660 /* EbaySourcingTransaction.swift */,
				8FED0DAD6261A3BAC47906F7 /* ImportedFile.swift */,
				EA01A86FF1D3853480318444 /* IncomeSource.swift */,
				7619A21E784D3733842F06AB /* MonthlySnapshot.swift */,
				B1696C502543F706641B8B67 /* PlaidAccount.swift */,
				8DE43370741368E79590623F /* Transaction.swift */,
			);
			path = Models;
			sourceTree = "<group>";
		};
		8782EFBBD3C5B11948F3840C /* Transactions */ = {
			isa = PBXGroup;
			children = (
				E057CC4BC6FDC268C283743D /* TransactionsListView.swift */,
			);
			path = Transactions;
			sourceTree = "<group>";
		};
		8AD95BBB06A7702115F03891 /* Categorization */ = {
			isa = PBXGroup;
			children = (
				FE0B30CCE20155199B5F3641 /* CategorizationEngine.swift */,
				65A3B7896DEB2A0E6AEC65D1 /* RuleLearner.swift */,
				1CA78E2AB21723326275631B /* SourceCategoryMapper.swift */,
			);
			path = Categorization;
			sourceTree = "<group>";
		};
		8BCB7FB4374A267F76E55C69 /* Parsing */ = {
			isa = PBXGroup;
			children = (
				36204743D3191FAC9750A1EF /* ColumnMapper.swift */,
				D01542F21F15F5E6C42F6502 /* CSVParser.swift */,
				E1A01F52CACF433AE1C260BB /* OFXParser.swift */,
				F11DFF79231E859813B37A16 /* PDFParser.swift */,
				FBD04A6FF6BEF85B534BDDB5 /* QIFParser.swift */,
				5FEE41143CE4140161D4EE80 /* StatementParser.swift */,
				75259CAB67C26E053906C004 /* XLSXParser.swift */,
			);
			path = Parsing;
			sourceTree = "<group>";
		};
		9927C87F7FDF860D2031749B /* Plaid */ = {
			isa = PBXGroup;
			children = (
				927D8DC7F8205C22399386AD /* PlaidConsentView.swift */,
				39458BD03D87744C0464548D /* PlaidUpdateBanner.swift */,
			);
			path = Plaid;
			sourceTree = "<group>";
		};
		9983E59C0C02407AAF9DE856 /* BudgetTracking */ = {
			isa = PBXGroup;
			children = (
				4C9F057F7944FB5FCD82A062 /* Assets.xcassets */,
				A789E73759CED466B7C73C35 /* BudgetTrackingApp.swift */,
				307BCBEDFB636BDB931C5D56 /* ContentView.swift */,
				E90B9AD6A8B1C57D3EC57F09 /* Info.plist */,
				8AD95BBB06A7702115F03891 /* Categorization */,
				0178EC38A4796ACCE44A4CD0 /* Database */,
				7786A8392DB1F4F2BC71DA99 /* Models */,
				8BCB7FB4374A267F76E55C69 /* Parsing */,
				3610C10C9998240EAB5F53EA /* Services */,
				EAA99397AB5D282A93359D08 /* Sync */,
				FEC6481ADF380D4AC1264664 /* Utilities */,
				16069F73CB364B8677A15226 /* ViewModels */,
				C74EBA8995F9C78AE52A3F83 /* Views */,
			);
			name = BudgetTracking;
			path = Sources/BudgetTracking;
			sourceTree = "<group>";
		};
		AA28EEEA91018666CDB959F7 /* BudgetTrackingTests */ = {
			isa = PBXGroup;
			children = (
				20DF0EA465BF47A908DCDB65 /* BudgetTrackingTests.swift */,
				59EF97C6FF89940BA0975677 /* ChaseCSVParsingTests.swift */,
			);
			name = BudgetTrackingTests;
			path = Tests/BudgetTrackingTests;
			sourceTree = "<group>";
		};
		C74EBA8995F9C78AE52A3F83 /* Views */ = {
			isa = PBXGroup;
			children = (
				0FB274FC3C5B1261C4A2EB07 /* AI */,
				CBDBD11D1B167B2D16640DE9 /* Categories */,
				50FFDC941B04DD627C9F4F11 /* Dashboard */,
				4EA5871B604458E79C57FD75 /* Ebay */,
				DF89480F8E83603CA222F55F /* History */,
				6E3ED7D1737E604EE89141DD /* Import */,
				53459F2D5177FC85BEA66A1F /* Income */,
				531E9A222B7921810E3F81A5 /* Insights */,
				9927C87F7FDF860D2031749B /* Plaid */,
				6D6CC1085EA6F7479DA64F5D /* Settings */,
				8782EFBBD3C5B11948F3840C /* Transactions */,
			);
			path = Views;
			sourceTree = "<group>";
		};
		CBDBD11D1B167B2D16640DE9 /* Categories */ = {
			isa = PBXGroup;
			children = (
				0B31672CB6E8D5972F666753 /* CategoriesSettingsView.swift */,
				EA86F8F7A4922668F97DE78D /* CategoryEditorView.swift */,
			);
			path = Categories;
			sourceTree = "<group>";
		};
		DF89480F8E83603CA222F55F /* History */ = {
			isa = PBXGroup;
			children = (
				0822C2937DCC5ED599DAD1B9 /* HistoryView.swift */,
			);
			path = History;
			sourceTree = "<group>";
		};
		EAA99397AB5D282A93359D08 /* Sync */ = {
			isa = PBXGroup;
			children = (
				32F647A3AD0CF01EECA79DAE /* ConflictResolver.swift */,
				1BA7808B805B4F38D7302BAE /* LANSyncEngine.swift */,
				2CCE676CAB667CD64540FCB0 /* LANSyncProtocol.swift */,
				50183D2237253558FB109BCF /* LANSyncStateStore.swift */,
				D003AE1329BA1C9FCD924629 /* RecordConverter.swift */,
				60C7C8113ED1B9E2730EAAEA /* ShareManager.swift */,
				1C4DB933183AAE503F2BDA58 /* SyncConstants.swift */,
				450EE9D75CEFA6800800FD74 /* SyncEngine.swift */,
				47794CD4CE264DCABF650F6F /* SyncStateStore.swift */,
			);
			path = Sync;
			sourceTree = "<group>";
		};
		FEC6481ADF380D4AC1264664 /* Utilities */ = {
			isa = PBXGroup;
			children = (
				483034A4379587D3D92B9DE4 /* ColorThresholds.swift */,
				13ADAAEEDA6767ED5825AFB5 /* CurrencyFormatter.swift */,
				D9C7E858423BCB8EA18EE19F /* DateHelpers.swift */,
				2296F730746DD13BF04875B5 /* MonthDetector.swift */,
			);
			path = Utilities;
			sourceTree = "<group>";
		};
/* End PBXGroup section */

/* Begin PBXNativeTarget section */
		66E543502C042942D584FB60 /* BudgetTrackingTests */ = {
			isa = PBXNativeTarget;
			buildConfigurationList = 0DB2F2A8EBD588B7ED1ACA06 /* Build configuration list for PBXNativeTarget "BudgetTrackingTests" */;
			buildPhases = (
				63CAE3D7DE23EBC092B1FE1A /* Sources */,
			);
			buildRules = (
			);
			dependencies = (
				3E8FD1E04186A2D85855E8CE /* PBXTargetDependency */,
			);
			name = BudgetTrackingTests;
			packageProductDependencies = (
			);
			productName = BudgetTrackingTests;
			productReference = 46BBD54B27602B78383814BC /* BudgetTrackingTests.xctest */;
			productType = "com.apple.product-type.bundle.unit-test";
		};
		BF4A706A3F2D27A8766D0402 /* BudgetTracking-iOS */ = {
			isa = PBXNativeTarget;
			buildConfigurationList = 03AD375517E0FEA51F2C2C3D /* Build configuration list for PBXNativeTarget "BudgetTracking-iOS" */;
			buildPhases = (
				2135B7D155568684B5ECFAE3 /* Sources */,
				D4337962B9EA4D58AD5430B4 /* Resources */,
				E4B522EC86AD7BE8725C34EB /* Frameworks */,
			);
			buildRules = (
			);
			dependencies = (
			);
			name = "BudgetTracking-iOS";
			packageProductDependencies = (
				E430C4065658B5FAD3D065B9 /* GRDB */,
				779760DD9455D96F14310A93 /* CoreXLSX */,
				3CD1F44A4AAFAC831F122B28 /* CodableCSV */,
				28BD24F9B6D1D2BF4AA1AD7D /* LinkKit */,
			);
			productName = "BudgetTracking-iOS";
			productReference = 2EA5704FFF7AD5AD8EC2F41B /* BudgetTracking-iOS.app */;
			productType = "com.apple.product-type.application";
		};
		C440523054A59E092B6E6505 /* BudgetTracking */ = {
			isa = PBXNativeTarget;
			buildConfigurationList = 3A71E4504438446C921041B0 /* Build configuration list for PBXNativeTarget "BudgetTracking" */;
			buildPhases = (
				32988E60830242F7921B6A62 /* Sources */,
				E4677EDB0F569B41FB184BB0 /* Resources */,
				FE55D480B1EA988A60CAC12A /* Frameworks */,
			);
			buildRules = (
			);
			dependencies = (
			);
			name = BudgetTracking;
			packageProductDependencies = (
				B1DB69D28DCA99819C197986 /* GRDB */,
				C55AFD4D6FAF2DF78710AD63 /* CoreXLSX */,
				DD869BDA975681D696B702FC /* CodableCSV */,
			);
			productName = BudgetTracking;
			productReference = 10C54DA96FF7472D61E1A3FC /* BudgetTracking.app */;
			productType = "com.apple.product-type.application";
		};
/* End PBXNativeTarget section */

/* Begin PBXProject section */
		0773E8AC4BD841796A02C49B /* Project object */ = {
			isa = PBXProject;
			attributes = {
				BuildIndependentTargetsInParallel = YES;
				LastUpgradeCheck = 1600;
				TargetAttributes = {
					BF4A706A3F2D27A8766D0402 = {
						DevelopmentTeam = 98AUV869NF;
						ProvisioningStyle = Automatic;
					};
					C440523054A59E092B6E6505 = {
						DevelopmentTeam = 98AUV869NF;
						ProvisioningStyle = Automatic;
					};
				};
			};
			buildConfigurationList = A9C8DDF3C691FB72F7BF07E5 /* Build configuration list for PBXProject "BudgetTracking" */;
			developmentRegion = en;
			hasScannedForEncodings = 0;
			knownRegions = (
				Base,
				en,
			);
			mainGroup = 204DB649345B45CD1FCEA2A5;
			minimizedProjectReferenceProxies = 1;
			packageReferences = (
				17ADE87D515CC87A706D73E2 /* XCRemoteSwiftPackageReference "CodableCSV" */,
				CA453ABA0CA26393CABA3633 /* XCRemoteSwiftPackageReference "CoreXLSX" */,
				E9B856CB804DF1EE81FEF2C7 /* XCRemoteSwiftPackageReference "GRDB.swift" */,
				821AD9B7CFCE1E49FA41B1B3 /* XCRemoteSwiftPackageReference "plaid-link-ios-spm" */,
			);
			preferredProjectObjectVersion = 77;
			productRefGroup = 6B9E56EA8B00DC307F31E55D /* Products */;
			projectDirPath = "";
			projectRoot = "";
			targets = (
				C440523054A59E092B6E6505 /* BudgetTracking */,
				BF4A706A3F2D27A8766D0402 /* BudgetTracking-iOS */,
				66E543502C042942D584FB60 /* BudgetTrackingTests */,
			);
		};
/* End PBXProject section */

/* Begin PBXResourcesBuildPhase section */
		D4337962B9EA4D58AD5430B4 /* Resources */ = {
			isa = PBXResourcesBuildPhase;
			buildActionMask = 2147483647;
			files = (
				A7CBE7B8CBDC734BFC9194A1 /* Assets.xcassets in Resources */,
			);
			runOnlyForDeploymentPostprocessing = 0;
		};
		E4677EDB0F569B41FB184BB0 /* Resources */ = {
			isa = PBXResourcesBuildPhase;
			buildActionMask = 2147483647;
			files = (
				D33EBA4DFD2DC226997C4FC1 /* Assets.xcassets in Resources */,
			);
			runOnlyForDeploymentPostprocessing = 0;
		};
/* End PBXResourcesBuildPhase section */

/* Begin PBXSourcesBuildPhase section */
		2135B7D155568684B5ECFAE3 /* Sources */ = {
			isa = PBXSourcesBuildPhase;
			buildActionMask = 2147483647;
			files = (
				E16C4772EDA4363E23E9BF2C /* AIChatAction.swift in Sources */,
				1DD3F21331505A4C1BA464A3 /* AIChatBar.swift in Sources */,
				FDC5CB7DA74FE273EEA66C7E /* AIChatResponseView.swift in Sources */,
				4CD3A385959BEAD8DF93895E /* AddSourcingTransactionSheet.swift in Sources */,
				BC8F079867C56C9EA5DB9E83 /* BankProfile.swift in Sources */,
				53AB810ADCF87933DBF2CE4C /* BankSource.swift in Sources */,
				AF9F5D8A9ACC984DAF9EF2E2 /* BudgetCategory.swift in Sources */,
				E11793438FF54F0290B68ECD /* BudgetGenerationConfigSheet.swift in Sources */,
				1FC009FAE63AD3A8AD09A393 /* BudgetInsight.swift in Sources */,
				181D3116E25D0816E0D61FD0 /* BudgetTrackingApp.swift in Sources */,
				B75DC8F25AEE23D9B103D613 /* COGSEditorView.swift in Sources */,
				80BA8C5E3EAC450420E2C567 /* CSVParser.swift in Sources */,
				4742100F03DDBA597B4E1E44 /* CategoriesSettingsView.swift in Sources */,
				CA61EB551A1F15186E50F4D6 /* CategoriesViewModel.swift in Sources */,
				19FAEFFEB54263F1577BB916 /* CategorizationEngine.swift in Sources */,
				20AE2902FC34169022100E38 /* CategorizationRule.swift in Sources */,
				1A955C87D32C714F12BC9237 /* CategoryBudgetBar.swift in Sources */,
				D536868D86AE19A1AB1F9400 /* CategoryEditorView.swift in Sources */,
				13369180CD61F33242CF5415 /* ClaudeAPIService.swift in Sources */,
				024EECE03B7ABCC86E94A6B0 /* ColorThresholds.swift in Sources */,
				D5BF1D360876B3CB47857782 /* ColumnMapper.swift in Sources */,
				065A9B89951A115018041784 /* ColumnMappingView.swift in Sources */,
				FA8FDBA894FAC75052AE1232 /* ConflictResolver.swift in Sources */,
				D1F4ECC3AD1B0068F26DF027 /* ContentView.swift in Sources */,
				B4134BDCB6643E80D7072320 /* CurrencyFormatter.swift in Sources */,
				D4E214D58039CE78B3BED402 /* DashboardView.swift in Sources */,
				29B5D16A7E33BABA6C98DEFA /* DashboardViewModel.swift in Sources */,
				3416DA40F0A4FD1E0D4CF2F1 /* DatabaseManager+Ebay.swift in Sources */,
				E9D527003A69E368F9FEE4EB /* DatabaseManager+Plaid.swift in Sources */,
				8CA06AC4E72AE5EC76BB23B8 /* DatabaseManager.swift in Sources */,
				0E3939ACEE27A6819193EB45 /* DateHelpers.swift in Sources */,
				D271214CBA02242D39C1858A /* EbayAPIService.swift in Sources */,
				8FA6F796425C232692814152 /* EbayAuthManager.swift in Sources */,
				CA40CF383B5F059CCA7A90BF /* EbayCostOfGoods.swift in Sources */,
				4B30F82DE40144FB42FA385C /* EbayEarningsView.swift in Sources */,
				F6E8F45BE6EA541B8BD6792C /* EbayEarningsViewModel.swift in Sources */,
				6C19B95887F6F11213BE84BA /* EbayFee.swift in Sources */,
				50BE1A5CDEB602D2550629B4 /* EbayOrder.swift in Sources */,
				00348FEF3F2D4E2F4E7E487B /* EbayPayout.swift in Sources */,
				596A328B4BB87742D8F03E10 /* EbaySourcingTransaction.swift in Sources */,
				3EE6379BB1A9D11E93FF1EB1 /* EmploymentIncomeView.swift in Sources */,
				4CC415891CBC38D85083E32F /* HistoryView.swift in Sources */,
				53DECB0E6C2BCF9EAE143560 /* HistoryViewModel.swift in Sources */,
				EBD41F568FFFED4327A3D20B /* ImportView.swift in Sources */,
				DA5D3A20909D5EC7658E2C3F /* ImportViewModel.swift in Sources */,
				1559FF1C636EA3AAC30272FA /* ImportedFile.swift in Sources */,
				47E83AFDDC688690B3A39179 /* IncomeSource.swift in Sources */,
				3D1E697E6F5CE883F48D8E06 /* IncomeTabView.swift in Sources */,
				6454D4C0667072CE832194E3 /* IncomeView.swift in Sources */,
				8199F3339D2A279A5B7FC9F1 /* IncomeViewModel.swift in Sources */,
				965E9E5942714F42D181EFC2 /* InsightCardView.swift in Sources */,
				56906CD6035CE89C4BB01267 /* InsightsEngine.swift in Sources */,
				456277934CE23476350B660C /* InsightsView.swift in Sources */,
				312CE90253221F347623EB60 /* InsightsViewModel.swift in Sources */,
				A99390672F51AD8AAAB0F260 /* LANSyncEngine.swift in Sources */,
				1DF63C07F0BBB5278863766C /* LANSyncProtocol.swift in Sources */,
				BA7D387AFE15FFCBAFD209D7 /* LANSyncStateStore.swift in Sources */,
				FB3DBC0CE257574DD434A391 /* MonthDetector.swift in Sources */,
				A90200F70880D90638893DB9 /* MonthlySnapshot.swift in Sources */,
				3AEC6D3F44B7DDA635B77A79 /* OFXParser.swift in Sources */,
				EC596870F33145D6BAB8BCE0 /* OverallBudgetBar.swift in Sources */,
				302B2FA20C29666A24341A51 /* PDFParser.swift in Sources */,
				DF6F13ADC1542E44A8D937FA /* PageWithChatBar.swift in Sources */,
				5C43296D7E7843641834B7D2 /* ParsePreviewView.swift in Sources */,
				194D70AEF83FC3EF9565EF5B /* PlaidAccount.swift in Sources */,
				2052F7B2DE5212B3AA247133 /* PlaidConsentView.swift in Sources */,
				E908E65F2C578DDCE5DAE568 /* PlaidLinkNativeView.swift in Sources */,
				AE0CACE551805C1D7D01B362 /* PlaidLinkView.swift in Sources */,
				E10477AFCE861B1B8C043435 /* PlaidService.swift in Sources */,
				D3EF3082BB548E7585F49415 /* PlaidSyncManager.swift in Sources */,
				1B8CCA73D9E3831BB1EB5B0D /* PlaidUpdateBanner.swift in Sources */,
				78E7D7DA935ACBAEED1C469A /* QIFParser.swift in Sources */,
				9BD172E7DDAB17C444AA1A3F /* RecordConverter.swift in Sources */,
				029AE44AD93EBF75B62C8C35 /* RuleLearner.swift in Sources */,
				A0A7102F9EF100480EA3BEE0 /* SettingsView.swift in Sources */,
				944FDAE37193D6B845B53EF8 /* ShareManager.swift in Sources */,
				58A27C64DE70A47C20F22C5C /* SideHustleBannerView.swift in Sources */,
				92837EAB0E1395EFDDCE49E8 /* SideHustleDetailView.swift in Sources */,
				15ABFEB9D1067E29AF0852C0 /* SideHustleListView.swift in Sources */,
				16FE38E554721BC1827122DA /* SideHustleTabView.swift in Sources */,
				0537EF4F932DE86594C442EB /* SideHustleViewModel.swift in Sources */,
				C7A822CD572432A69BF057BA /* SourceCategoryMapper.swift in Sources */,
				D5157BE466BDA9F7C08B9CEA /* SourcingCategoriesSheet.swift in Sources */,
				343F0AD0E9FB54508B44F1BC /* StatementParser.swift in Sources */,
				80DD77AD025D9F280ED2781E /* SyncConstants.swift in Sources */,
				114D7CF5D117C12CEB4B4501 /* SyncEngine.swift in Sources */,
				41643D132183D94952D9F567 /* SyncSettingsView.swift in Sources */,
				EE0A1D4B68064B53DEF4244E /* SyncStateStore.swift in Sources */,
				DB3A7F6B3082AC272EED9459 /* Transaction.swift in Sources */,
				656E1D6CB0F429CE44949ECC /* TransactionsListView.swift in Sources */,
				1511A43F32236EEADA8EADBA /* TransactionsViewModel.swift in Sources */,
				CC124447E511FE71F01E6836 /* XLSXParser.swift in Sources */,
			);
			runOnlyForDeploymentPostprocessing = 0;
		};
		32988E60830242F7921B6A62 /* Sources */ = {
			isa = PBXSourcesBuildPhase;
			buildActionMask = 2147483647;
			files = (
				3678DBB86AF5CFEF2EBB4ACC /* AIChatAction.swift in Sources */,
				6E43B473C9B859F833DD3903 /* AIChatBar.swift in Sources */,
				53DE32AAB74E25F098BD7A3A /* AIChatResponseView.swift in Sources */,
				5AE8A4DFF22758A12FABE02D /* AddSourcingTransactionSheet.swift in Sources */,
				71414C7F4B6DC0EFDA2E9634 /* BankProfile.swift in Sources */,
				AC843B3052010881EE9F4555 /* BankSource.swift in Sources */,
				00949753B9E96D5C7EF05C84 /* BudgetCategory.swift in Sources */,
				28EE3833CBDB15B9E25FC938 /* BudgetGenerationConfigSheet.swift in Sources */,
				5F6FA71768D8583151739DB3 /* BudgetInsight.swift in Sources */,
				EC80E2DF1D3F334069C8EE2E /* BudgetTrackingApp.swift in Sources */,
				A1795BED0494373F2A9BCE7B /* COGSEditorView.swift in Sources */,
				C313D96517FED3F0274A363B /* CSVParser.swift in Sources */,
				21EE1C948FB25E41AFA9438B /* CategoriesSettingsView.swift in Sources */,
				D8D8C67951908DB67031EF63 /* CategoriesViewModel.swift in Sources */,
				2262254EC1D204794A7FAE5B /* CategorizationEngine.swift in Sources */,
				E53470827328467C88573F4C /* CategorizationRule.swift in Sources */,
				272104B2FC3606FBEFCC7A82 /* CategoryBudgetBar.swift in Sources */,
				EC3EEAA146801B8DDC992AB8 /* CategoryEditorView.swift in Sources */,
				2E0AA0E7463717B068972F27 /* ClaudeAPIService.swift in Sources */,
				6FB1CC56DA9F81D74E2EF69E /* ColorThresholds.swift in Sources */,
				CC2887DC361193375756E47A /* ColumnMapper.swift in Sources */,
				DB6896C55F6286E95A606730 /* ColumnMappingView.swift in Sources */,
				D3C509DBC43307381F8393FE /* ConflictResolver.swift in Sources */,
				DBA41401FE97452A03932280 /* ContentView.swift in Sources */,
				E0CEB5468DA58916BB7030D9 /* CurrencyFormatter.swift in Sources */,
				0753534F76448F6943A73BC8 /* DashboardView.swift in Sources */,
				BCD801CD70883317A41748C3 /* DashboardViewModel.swift in Sources */,
				6E0566C5CCCA9B3BF45F3C79 /* DatabaseManager+Ebay.swift in Sources */,
				99A5D6DCC2D05CCA973B201C /* DatabaseManager+Plaid.swift in Sources */,
				1C536B9A9FBAC5B6EEDB408C /* DatabaseManager.swift in Sources */,
				CA548684785642DD4902FEA3 /* DateHelpers.swift in Sources */,
				B9C411FEC25252B94B5D6463 /* EbayAPIService.swift in Sources */,
				76B066C8FDE03F3F385CFA57 /* EbayAuthManager.swift in Sources */,
				DA8B4F231582A859EDDC9776 /* EbayCostOfGoods.swift in Sources */,
				746A38C0937480FFC4DF3BAB /* EbayEarningsView.swift in Sources */,
				AA953FDFC1D12F336EB2EE0D /* EbayEarningsViewModel.swift in Sources */,
				A250FAA6AA91909BBB3491C0 /* EbayFee.swift in Sources */,
				82C5DEB0ABE1AA45D2DF8766 /* EbayOrder.swift in Sources */,
				5B4AFCE461C368F83062E6E5 /* EbayPayout.swift in Sources */,
				5B742A26BC5E3008E32B3499 /* EbaySourcingTransaction.swift in Sources */,
				EBABA1F1CDEED5F64A632E83 /* EmploymentIncomeView.swift in Sources */,
				C94186A645D7A1E496FF99AA /* HistoryView.swift in Sources */,
				512FFF288B12EF51E36DBB8A /* HistoryViewModel.swift in Sources */,
				F1E746C9970C092EFD2C848F /* ImportView.swift in Sources */,
				AAB0D77A318B158439549FAD /* ImportViewModel.swift in Sources */,
				0A095A6B4194BDCF8CEAF4DD /* ImportedFile.swift in Sources */,
				16E3BF316E1EBAC92DA52138 /* IncomeSource.swift in Sources */,
				07BC4F0B3F780F21D69DF85A /* IncomeTabView.swift in Sources */,
				DF5E85723C46685BEDAF4BA0 /* IncomeView.swift in Sources */,
				BC2B265AC0576CB39E5D6D69 /* IncomeViewModel.swift in Sources */,
				9B88872EB416F58730BECA4A /* InsightCardView.swift in Sources */,
				E8A3702B42005E8CE7A068AB /* InsightsEngine.swift in Sources */,
				499AF6E0D703784C6A49966A /* InsightsView.swift in Sources */,
				F968FE301D4F86E6CC980674 /* InsightsViewModel.swift in Sources */,
				34B5F561DA5DF8F30DA3B425 /* LANSyncEngine.swift in Sources */,
				8D62D571E3AAB5C7C52B7708 /* LANSyncProtocol.swift in Sources */,
				578E34AA65E5FD5F944BD4AD /* LANSyncStateStore.swift in Sources */,
				DF168A103E0FB8679B34F4B0 /* MonthDetector.swift in Sources */,
				2B70053E1B6A89926C5B35B3 /* MonthlySnapshot.swift in Sources */,
				B50381A1372095880CBFC715 /* OFXParser.swift in Sources */,
				4D8B02F05E5A562078C9C534 /* OverallBudgetBar.swift in Sources */,
				E6D708D14B960CFB3793275A /* PDFParser.swift in Sources */,
				0D43ABEC5941DA199A8F790B /* PageWithChatBar.swift in Sources */,
				78EF18856F7D9F0257AF4283 /* ParsePreviewView.swift in Sources */,
				B89F9371722F0FCC7B904D40 /* PlaidAccount.swift in Sources */,
				FA5F402E1B4B2021A6D74689 /* PlaidConsentView.swift in Sources */,
				D00F9EF69575ABE78788B4CF /* PlaidLinkNativeView.swift in Sources */,
				56DF614788284C67BA173774 /* PlaidLinkView.swift in Sources */,
				AC2FC88E1A32DBB071A21160 /* PlaidService.swift in Sources */,
				44E0D1D3EAA3B8D5328112DA /* PlaidSyncManager.swift in Sources */,
				998061B1237DAA40AD15C308 /* PlaidUpdateBanner.swift in Sources */,
				1A383ED322BCD4A92BCD1358 /* QIFParser.swift in Sources */,
				94A5A04BEECF42B2B47C0C0B /* RecordConverter.swift in Sources */,
				31B61674E829E73409C0C28B /* RuleLearner.swift in Sources */,
				902FBFE9D6BEB8617F5329B3 /* SettingsView.swift in Sources */,
				74AA6D546426CF8564F34E3D /* ShareManager.swift in Sources */,
				C441BA01BB4D8FFC709E7B2D /* SideHustleBannerView.swift in Sources */,
				1FFA73C71FDD64B7C994F4A6 /* SideHustleDetailView.swift in Sources */,
				1A4CEBB1AFF84714C07AEDA4 /* SideHustleListView.swift in Sources */,
				F01C0DCF7C33D7A318BE8F07 /* SideHustleTabView.swift in Sources */,
				984906D51D68D73D5F0ACA58 /* SideHustleViewModel.swift in Sources */,
				D7008F01D23AE7B946581A0B /* SourceCategoryMapper.swift in Sources */,
				AACB93502D4BAF244306DF66 /* SourcingCategoriesSheet.swift in Sources */,
				C344302C539ED66CC5915F73 /* StatementParser.swift in Sources */,
				7A580A066A36B2FB74E0918C /* SyncConstants.swift in Sources */,
				6288FC30C05B0F0D344B0761 /* SyncEngine.swift in Sources */,
				ACB2FE6DD3AD75F0E535C0A9 /* SyncSettingsView.swift in Sources */,
				BC63EA54D93D3ACD9B197092 /* SyncStateStore.swift in Sources */,
				C877E5C5F34AC7349C7085CC /* Transaction.swift in Sources */,
				9E5B026BFA80B5B95CBBEF1A /* TransactionsListView.swift in Sources */,
				C6797B86584D712551F603C8 /* TransactionsViewModel.swift in Sources */,
				D3B7601F67FB4CA699F1AC32 /* XLSXParser.swift in Sources */,
			);
			runOnlyForDeploymentPostprocessing = 0;
		};
		63CAE3D7DE23EBC092B1FE1A /* Sources */ = {
			isa = PBXSourcesBuildPhase;
			buildActionMask = 2147483647;
			files = (
				4B65D18E316BD2F56ED01E1A /* BudgetTrackingTests.swift in Sources */,
				AC9DEFC24754618C7AD10C3D /* ChaseCSVParsingTests.swift in Sources */,
			);
			runOnlyForDeploymentPostprocessing = 0;
		};
/* End PBXSourcesBuildPhase section */

/* Begin PBXTargetDependency section */
		3E8FD1E04186A2D85855E8CE /* PBXTargetDependency */ = {
			isa = PBXTargetDependency;
			target = C440523054A59E092B6E6505 /* BudgetTracking */;
			targetProxy = B8C57CE27AD2A1E8163A6729 /* PBXContainerItemProxy */;
		};
/* End PBXTargetDependency section */

/* Begin XCBuildConfiguration section */
		05BC32E17FDDBCE13C51DAF2 /* Release */ = {
			isa = XCBuildConfiguration;
			buildSettings = {
				BUNDLE_LOADER = "$(TEST_HOST)";
				COMBINE_HIDPI_IMAGES = YES;
				GENERATE_INFOPLIST_FILE = YES;
				LD_RUNPATH_SEARCH_PATHS = (
					"$(inherited)",
					"@executable_path/../Frameworks",
					"@loader_path/../Frameworks",
				);
				PRODUCT_BUNDLE_IDENTIFIER = com.schlegel.BudgetTrackingTests;
				SDKROOT = macosx;
				SWIFT_VERSION = 5.10;
				TEST_HOST = "$(BUILT_PRODUCTS_DIR)/BudgetTracking.app/Contents/MacOS/BudgetTracking";
			};
			name = Release;
		};
		6E93896B83211FF60C0D0377 /* Release */ = {
			isa = XCBuildConfiguration;
			buildSettings = {
				ASSETCATALOG_COMPILER_APPICON_NAME = AppIcon;
				CODE_SIGN_ENTITLEMENTS = "BudgetTracking-iOS.entitlements";
				CODE_SIGN_IDENTITY = "Apple Development";
				CODE_SIGN_STYLE = Automatic;
				DEVELOPMENT_TEAM = 98AUV869NF;
				GENERATE_INFOPLIST_FILE = YES;
				INFOPLIST_FILE = Sources/BudgetTracking/Info.plist;
				INFOPLIST_KEY_CFBundleDisplayName = "Budget Tracking";
				INFOPLIST_KEY_LSApplicationCategoryType = "public.app-category.finance";
				INFOPLIST_KEY_NSBonjourServices = _budgetsync._tcp;
				INFOPLIST_KEY_NSLocalNetworkUsageDescription = "BudgetTracking uses the local network to sync budget data with nearby devices.";
				IPHONEOS_DEPLOYMENT_TARGET = 17.0;
				LD_RUNPATH_SEARCH_PATHS = (
					"$(inherited)",
					"@executable_path/Frameworks",
				);
				PRODUCT_BUNDLE_IDENTIFIER = com.schlegel.BudgetTracking;
				SDKROOT = iphoneos;
				SWIFT_VERSION = 5.10;
				TARGETED_DEVICE_FAMILY = "1,2";
			};
			name = Release;
		};
		773295EC64A543157181088C /* Release */ = {
			isa = XCBuildConfiguration;
			buildSettings = {
				ALWAYS_SEARCH_USER_PATHS = NO;
				CLANG_ANALYZER_NONNULL = YES;
				CLANG_ANALYZER_NUMBER_OBJECT_CONVERSION = YES_AGGRESSIVE;
				CLANG_CXX_LANGUAGE_STANDARD = "gnu++14";
				CLANG_CXX_LIBRARY = "libc++";
				CLANG_ENABLE_MODULES = YES;
				CLANG_ENABLE_OBJC_ARC = YES;
				CLANG_ENABLE_OBJC_WEAK = YES;
				CLANG_WARN_BLOCK_CAPTURE_AUTORELEASING = YES;
				CLANG_WARN_BOOL_CONVERSION = YES;
				CLANG_WARN_COMMA = YES;
				CLANG_WARN_CONSTANT_CONVERSION = YES;
				CLANG_WARN_DEPRECATED_OBJC_IMPLEMENTATIONS = YES;
				CLANG_WARN_DIRECT_OBJC_ISA_USAGE = YES_ERROR;
				CLANG_WARN_DOCUMENTATION_COMMENTS = YES;
				CLANG_WARN_EMPTY_BODY = YES;
				CLANG_WARN_ENUM_CONVERSION = YES;
				CLANG_WARN_INFINITE_RECURSION = YES;
				CLANG_WARN_INT_CONVERSION = YES;
				CLANG_WARN_NON_LITERAL_NULL_CONVERSION = YES;
				CLANG_WARN_OBJC_IMPLICIT_RETAIN_SELF = YES;
				CLANG_WARN_OBJC_LITERAL_CONVERSION = YES;
				CLANG_WARN_OBJC_ROOT_CLASS = YES_ERROR;
				CLANG_WARN_QUOTED_INCLUDE_IN_FRAMEWORK_HEADER = YES;
				CLANG_WARN_RANGE_LOOP_ANALYSIS = YES;
				CLANG_WARN_STRICT_PROTOTYPES = YES;
				CLANG_WARN_SUSPICIOUS_MOVE = YES;
				CLANG_WARN_UNGUARDED_AVAILABILITY = YES_AGGRESSIVE;
				CLANG_WARN_UNREACHABLE_CODE = YES;
				CLANG_WARN__DUPLICATE_METHOD_MATCH = YES;
				COPY_PHASE_STRIP = NO;
				DEBUG_INFORMATION_FORMAT = "dwarf-with-dsym";
				ENABLE_NS_ASSERTIONS = NO;
				ENABLE_STRICT_OBJC_MSGSEND = YES;
				GCC_C_LANGUAGE_STANDARD = gnu11;
				GCC_NO_COMMON_BLOCKS = YES;
				GCC_WARN_64_TO_32_BIT_CONVERSION = YES;
				GCC_WARN_ABOUT_RETURN_TYPE = YES_ERROR;
				GCC_WARN_UNDECLARED_SELECTOR = YES;
				GCC_WARN_UNINITIALIZED_AUTOS = YES_AGGRESSIVE;
				GCC_WARN_UNUSED_FUNCTION = YES;
				GCC_WARN_UNUSED_VARIABLE = YES;
				MACOSX_DEPLOYMENT_TARGET = 14.0;
				MTL_ENABLE_DEBUG_INFO = NO;
				MTL_FAST_MATH = YES;
				PRODUCT_NAME = "$(TARGET_NAME)";
				SWIFT_COMPILATION_MODE = wholemodule;
				SWIFT_OPTIMIZATION_LEVEL = "-O";
				SWIFT_VERSION = 5.0;
			};
			name = Release;
		};
		9A27E8E7DB8ED3CAA217ED35 /* Debug */ = {
			isa = XCBuildConfiguration;
			buildSettings = {
				ASSETCATALOG_COMPILER_APPICON_NAME = AppIcon;
				CODE_SIGN_ENTITLEMENTS = "BudgetTracking-iOS.entitlements";
				CODE_SIGN_IDENTITY = "Apple Development";
				CODE_SIGN_STYLE = Automatic;
				DEVELOPMENT_TEAM = 98AUV869NF;
				GENERATE_INFOPLIST_FILE = YES;
				INFOPLIST_FILE = Sources/BudgetTracking/Info.plist;
				INFOPLIST_KEY_CFBundleDisplayName = "Budget Tracking";
				INFOPLIST_KEY_LSApplicationCategoryType = "public.app-category.finance";
				INFOPLIST_KEY_NSBonjourServices = _budgetsync._tcp;
				INFOPLIST_KEY_NSLocalNetworkUsageDescription = "BudgetTracking uses the local network to sync budget data with nearby devices.";
				IPHONEOS_DEPLOYMENT_TARGET = 17.0;
				LD_RUNPATH_SEARCH_PATHS = (
					"$(inherited)",
					"@executable_path/Frameworks",
				);
				PRODUCT_BUNDLE_IDENTIFIER = com.schlegel.BudgetTracking;
				SDKROOT = iphoneos;
				SWIFT_VERSION = 5.10;
				TARGETED_DEVICE_FAMILY = "1,2";
			};
			name = Debug;
		};
		A18225F0ABB10BE23EBBBFEA /* Debug */ = {
			isa = XCBuildConfiguration;
			buildSettings = {
				ASSETCATALOG_COMPILER_APPICON_NAME = AppIcon;
				CODE_SIGN_ENTITLEMENTS = BudgetTracking.entitlements;
				CODE_SIGN_IDENTITY = "Apple Development";
				CODE_SIGN_STYLE = Automatic;
				COMBINE_HIDPI_IMAGES = YES;
				DEVELOPMENT_TEAM = 98AUV869NF;
				ENABLE_HARDENED_RUNTIME = YES;
				GENERATE_INFOPLIST_FILE = YES;
				INFOPLIST_FILE = Sources/BudgetTracking/Info.plist;
				INFOPLIST_KEY_CFBundleDisplayName = "Budget Tracking";
				INFOPLIST_KEY_LSApplicationCategoryType = "public.app-category.finance";
				INFOPLIST_KEY_NSBonjourServices = _budgetsync._tcp;
				INFOPLIST_KEY_NSLocalNetworkUsageDescription = "BudgetTracking uses the local network to sync budget data with nearby devices.";
				LD_RUNPATH_SEARCH_PATHS = (
					"$(inherited)",
					"@executable_path/../Frameworks",
				);
				PRODUCT_BUNDLE_IDENTIFIER = com.schlegel.BudgetTracking;
				SDKROOT = macosx;
				SWIFT_VERSION = 5.10;
			};
			name = Debug;
		};
		ADC0AD346F954C195562407C /* Release */ = {
			isa = XCBuildConfiguration;
			buildSettings = {
				ASSETCATALOG_COMPILER_APPICON_NAME = AppIcon;
				CODE_SIGN_ENTITLEMENTS = BudgetTracking.entitlements;
				CODE_SIGN_IDENTITY = "Apple Development";
				CODE_SIGN_STYLE = Automatic;
				COMBINE_HIDPI_IMAGES = YES;
				DEVELOPMENT_TEAM = 98AUV869NF;
				ENABLE_HARDENED_RUNTIME = YES;
				GENERATE_INFOPLIST_FILE = YES;
				INFOPLIST_FILE = Sources/BudgetTracking/Info.plist;
				INFOPLIST_KEY_CFBundleDisplayName = "Budget Tracking";
				INFOPLIST_KEY_LSApplicationCategoryType = "public.app-category.finance";
				INFOPLIST_KEY_NSBonjourServices = _budgetsync._tcp;
				INFOPLIST_KEY_NSLocalNetworkUsageDescription = "BudgetTracking uses the local network to sync budget data with nearby devices.";
				LD_RUNPATH_SEARCH_PATHS = (
					"$(inherited)",
					"@executable_path/../Frameworks",
				);
				PRODUCT_BUNDLE_IDENTIFIER = com.schlegel.BudgetTracking;
				SDKROOT = macosx;
				SWIFT_VERSION = 5.10;
			};
			name = Release;
		};
		D475DA14FABAEAA642AD84A0 /* Debug */ = {
			isa = XCBuildConfiguration;
			buildSettings = {
				BUNDLE_LOADER = "$(TEST_HOST)";
				COMBINE_HIDPI_IMAGES = YES;
				GENERATE_INFOPLIST_FILE = YES;
				LD_RUNPATH_SEARCH_PATHS = (
					"$(inherited)",
					"@executable_path/../Frameworks",
					"@loader_path/../Frameworks",
				);
				PRODUCT_BUNDLE_IDENTIFIER = com.schlegel.BudgetTrackingTests;
				SDKROOT = macosx;
				SWIFT_VERSION = 5.10;
				TEST_HOST = "$(BUILT_PRODUCTS_DIR)/BudgetTracking.app/Contents/MacOS/BudgetTracking";
			};
			name = Debug;
		};
		F3D718AD68CD2F8416E74F58 /* Debug */ = {
			isa = XCBuildConfiguration;
			buildSettings = {
				ALWAYS_SEARCH_USER_PATHS = NO;
				CLANG_ANALYZER_NONNULL = YES;
				CLANG_ANALYZER_NUMBER_OBJECT_CONVERSION = YES_AGGRESSIVE;
				CLANG_CXX_LANGUAGE_STANDARD = "gnu++14";
				CLANG_CXX_LIBRARY = "libc++";
				CLANG_ENABLE_MODULES = YES;
				CLANG_ENABLE_OBJC_ARC = YES;
				CLANG_ENABLE_OBJC_WEAK = YES;
				CLANG_WARN_BLOCK_CAPTURE_AUTORELEASING = YES;
				CLANG_WARN_BOOL_CONVERSION = YES;
				CLANG_WARN_COMMA = YES;
				CLANG_WARN_CONSTANT_CONVERSION = YES;
				CLANG_WARN_DEPRECATED_OBJC_IMPLEMENTATIONS = YES;
				CLANG_WARN_DIRECT_OBJC_ISA_USAGE = YES_ERROR;
				CLANG_WARN_DOCUMENTATION_COMMENTS = YES;
				CLANG_WARN_EMPTY_BODY = YES;
				CLANG_WARN_ENUM_CONVERSION = YES;
				CLANG_WARN_INFINITE_RECURSION = YES;
				CLANG_WARN_INT_CONVERSION = YES;
				CLANG_WARN_NON_LITERAL_NULL_CONVERSION = YES;
				CLANG_WARN_OBJC_IMPLICIT_RETAIN_SELF = YES;
				CLANG_WARN_OBJC_LITERAL_CONVERSION = YES;
				CLANG_WARN_OBJC_ROOT_CLASS = YES_ERROR;
				CLANG_WARN_QUOTED_INCLUDE_IN_FRAMEWORK_HEADER = YES;
				CLANG_WARN_RANGE_LOOP_ANALYSIS = YES;
				CLANG_WARN_STRICT_PROTOTYPES = YES;
				CLANG_WARN_SUSPICIOUS_MOVE = YES;
				CLANG_WARN_UNGUARDED_AVAILABILITY = YES_AGGRESSIVE;
				CLANG_WARN_UNREACHABLE_CODE = YES;
				CLANG_WARN__DUPLICATE_METHOD_MATCH = YES;
				COPY_PHASE_STRIP = NO;
				DEBUG_INFORMATION_FORMAT = dwarf;
				ENABLE_STRICT_OBJC_MSGSEND = YES;
				ENABLE_TESTABILITY = YES;
				GCC_C_LANGUAGE_STANDARD = gnu11;
				GCC_DYNAMIC_NO_PIC = NO;
				GCC_NO_COMMON_BLOCKS = YES;
				GCC_OPTIMIZATION_LEVEL = 0;
				GCC_PREPROCESSOR_DEFINITIONS = (
					"$(inherited)",
					"DEBUG=1",
				);
				GCC_WARN_64_TO_32_BIT_CONVERSION = YES;
				GCC_WARN_ABOUT_RETURN_TYPE = YES_ERROR;
				GCC_WARN_UNDECLARED_SELECTOR = YES;
				GCC_WARN_UNINITIALIZED_AUTOS = YES_AGGRESSIVE;
				GCC_WARN_UNUSED_FUNCTION = YES;
				GCC_WARN_UNUSED_VARIABLE = YES;
				MACOSX_DEPLOYMENT_TARGET = 14.0;
				MTL_ENABLE_DEBUG_INFO = INCLUDE_SOURCE;
				MTL_FAST_MATH = YES;
				ONLY_ACTIVE_ARCH = YES;
				PRODUCT_NAME = "$(TARGET_NAME)";
				SWIFT_ACTIVE_COMPILATION_CONDITIONS = DEBUG;
				SWIFT_OPTIMIZATION_LEVEL = "-Onone";
				SWIFT_VERSION = 5.0;
			};
			name = Debug;
		};
/* End XCBuildConfiguration section */

/* Begin XCConfigurationList section */
		03AD375517E0FEA51F2C2C3D /* Build configuration list for PBXNativeTarget "BudgetTracking-iOS" */ = {
			isa = XCConfigurationList;
			buildConfigurations = (
				9A27E8E7DB8ED3CAA217ED35 /* Debug */,
				6E93896B83211FF60C0D0377 /* Release */,
			);
			defaultConfigurationIsVisible = 0;
			defaultConfigurationName = Debug;
		};
		0DB2F2A8EBD588B7ED1ACA06 /* Build configuration list for PBXNativeTarget "BudgetTrackingTests" */ = {
			isa = XCConfigurationList;
			buildConfigurations = (
				D475DA14FABAEAA642AD84A0 /* Debug */,
				05BC32E17FDDBCE13C51DAF2 /* Release */,
			);
			defaultConfigurationIsVisible = 0;
			defaultConfigurationName = Debug;
		};
		3A71E4504438446C921041B0 /* Build configuration list for PBXNativeTarget "BudgetTracking" */ = {
			isa = XCConfigurationList;
			buildConfigurations = (
				A18225F0ABB10BE23EBBBFEA /* Debug */,
				ADC0AD346F954C195562407C /* Release */,
			);
			defaultConfigurationIsVisible = 0;
			defaultConfigurationName = Debug;
		};
		A9C8DDF3C691FB72F7BF07E5 /* Build configuration list for PBXProject "BudgetTracking" */ = {
			isa = XCConfigurationList;
			buildConfigurations = (
				F3D718AD68CD2F8416E74F58 /* Debug */,
				773295EC64A543157181088C /* Release */,
			);
			defaultConfigurationIsVisible = 0;
			defaultConfigurationName = Debug;
		};
/* End XCConfigurationList section */

/* Begin XCRemoteSwiftPackageReference section */
		17ADE87D515CC87A706D73E2 /* XCRemoteSwiftPackageReference "CodableCSV" */ = {
			isa = XCRemoteSwiftPackageReference;
			repositoryURL = "https://github.com/dehesa/CodableCSV.git";
			requirement = {
				kind = upToNextMajorVersion;
				minimumVersion = 0.6.0;
			};
		};
		821AD9B7CFCE1E49FA41B1B3 /* XCRemoteSwiftPackageReference "plaid-link-ios-spm" */ = {
			isa = XCRemoteSwiftPackageReference;
			repositoryURL = "https://github.com/plaid/plaid-link-ios-spm";
			requirement = {
				kind = upToNextMajorVersion;
				minimumVersion = 5.6.0;
			};
		};
		CA453ABA0CA26393CABA3633 /* XCRemoteSwiftPackageReference "CoreXLSX" */ = {
			isa = XCRemoteSwiftPackageReference;
			repositoryURL = "https://github.com/CoreOffice/CoreXLSX.git";
			requirement = {
				kind = upToNextMajorVersion;
				minimumVersion = 0.14.0;
			};
		};
		E9B856CB804DF1EE81FEF2C7 /* XCRemoteSwiftPackageReference "GRDB.swift" */ = {
			isa = XCRemoteSwiftPackageReference;
			repositoryURL = "https://github.com/groue/GRDB.swift.git";
			requirement = {
				kind = upToNextMajorVersion;
				minimumVersion = 7.0.0;
			};
		};
/* End XCRemoteSwiftPackageReference section */

/* Begin XCSwiftPackageProductDependency section */
		28BD24F9B6D1D2BF4AA1AD7D /* LinkKit */ = {
			isa = XCSwiftPackageProductDependency;
			package = 821AD9B7CFCE1E49FA41B1B3 /* XCRemoteSwiftPackageReference "plaid-link-ios-spm" */;
			productName = LinkKit;
		};
		3CD1F44A4AAFAC831F122B28 /* CodableCSV */ = {
			isa = XCSwiftPackageProductDependency;
			package = 17ADE87D515CC87A706D73E2 /* XCRemoteSwiftPackageReference "CodableCSV" */;
			productName = CodableCSV;
		};
		779760DD9455D96F14310A93 /* CoreXLSX */ = {
			isa = XCSwiftPackageProductDependency;
			package = CA453ABA0CA26393CABA3633 /* XCRemoteSwiftPackageReference "CoreXLSX" */;
			productName = CoreXLSX;
		};
		B1DB69D28DCA99819C197986 /* GRDB */ = {
			isa = XCSwiftPackageProductDependency;
			package = E9B856CB804DF1EE81FEF2C7 /* XCRemoteSwiftPackageReference "GRDB.swift" */;
			productName = GRDB;
		};
		C55AFD4D6FAF2DF78710AD63 /* CoreXLSX */ = {
			isa = XCSwiftPackageProductDependency;
			package = CA453ABA0CA26393CABA3633 /* XCRemoteSwiftPackageReference "CoreXLSX" */;
			productName = CoreXLSX;
		};
		DD869BDA975681D696B702FC /* CodableCSV */ = {
			isa = XCSwiftPackageProductDependency;
			package = 17ADE87D515CC87A706D73E2 /* XCRemoteSwiftPackageReference "CodableCSV" */;
			productName = CodableCSV;
		};
		E430C4065658B5FAD3D065B9 /* GRDB */ = {
			isa = XCSwiftPackageProductDependency;
			package = E9B856CB804DF1EE81FEF2C7 /* XCRemoteSwiftPackageReference "GRDB.swift" */;
			productName = GRDB;
		};
/* End XCSwiftPackageProductDependency section */
	};
	rootObject = 0773E8AC4BD841796A02C49B /* Project object */;
}
